// !$*UTF8*$!
{
        archiveVersion = 1;
        classes = {
        };
        objectVersion = 46;
        objects = {

/* Begin PBXAggregateTarget section */
		0CD439B20CD453B000000006 /* extras */ = {
    			isa = PBXAggregateTarget;
    			buildConfigurationList = 0CD439B20CD453B000000005 /* Build configuration list for PBXAggregateTarget "extras" */;
    			buildPhases = (
    				0CD439B20CD453B000000007,
    			);
    			dependencies = (
				0CD439B20CD453B000000008 /* PBXTargetDependency Prep */,
			);
    			name = extras;
    			productName = extras;
    		};
		0CD439B20CD453B00000000A /* install-certs */ = {
    			isa = PBXAggregateTarget;
    			buildConfigurationList = 0CD439B20CD453B000000009 /* Build configuration list for PBXAggregateTarget "install-certs" */;
    			buildPhases = (
    				0CD439B20CD453B00000000B,
    			);
    			dependencies = (
				0CD439B20CD453B00000000C /* PBXTargetDependency Prep */,
			);
    			name = install-certs;
    			productName = install-certs;
    		};
		0CD439B20CD453B00000000E /* All */ = {
    			isa = PBXAggregateTarget;
    			buildConfigurationList = 0CD439B20CD453B00000000D /* Build configuration list for PBXAggregateTarget "All" */;
    			buildPhases = (
    				
    			);
    			dependencies = (
				0CD439B20CD453B00000000F /* PBXTargetDependency espcmd */,
				0CD439B20CD453B000000010 /* PBXTargetDependency extras */,
				0CD439B20CD453B000000011 /* PBXTargetDependency install-certs */,
				0CD439B20CD453B000000012 /* PBXTargetDependency libesp */,
				0CD439B20CD453B000000013 /* PBXTargetDependency libhttp */,
				0CD439B20CD453B000000014 /* PBXTargetDependency libmpr */,
				0CD439B20CD453B000000015 /* PBXTargetDependency libmpr-openssl */,
				0CD439B20CD453B000000016 /* PBXTargetDependency libmpr-version */,
				0CD439B20CD453B000000017 /* PBXTargetDependency libpcre */,
				0CD439B20CD453B000000018 /* PBXTargetDependency libsql */,
				0CD439B20CD453B000000019 /* PBXTargetDependency watchdog */,
				0CD439B20CD453B00000001A /* PBXTargetDependency All */,
				0CD439B20CD453B00000001B /* PBXTargetDependency Prep */,
			);
    			name = All;
    			productName = All;
    		};
		0CD439B20CD453B00000001D /* Prep */ = {
    			isa = PBXAggregateTarget;
    			buildConfigurationList = 0CD439B20CD453B00000001C /* Build configuration list for PBXAggregateTarget "Prep" */;
    			buildPhases = (
    				0CD439B20CD453B00000001E,
    			);
    			dependencies = (
			);
    			name = Prep;
    			productName = Prep;
    		};
/* End PBXAggregateTarget section */

/* Begin PBXBuildFile section */
		0CD439B20CD453B00000001F /* esp.c in Sources */ = {isa = PBXBuildFile; fileRef = 0CD439B20CD453B000000020 /* esp.c */; };
		0CD439B20CD453B000000021 /* edi.c in Sources */ = {isa = PBXBuildFile; fileRef = 0CD439B20CD453B000000022 /* edi.c */; };
		0CD439B20CD453B000000023 /* espAbbrev.c in Sources */ = {isa = PBXBuildFile; fileRef = 0CD439B20CD453B000000024 /* espAbbrev.c */; };
		0CD439B20CD453B000000025 /* espConfig.c in Sources */ = {isa = PBXBuildFile; fileRef = 0CD439B20CD453B000000026 /* espConfig.c */; };
		0CD439B20CD453B000000027 /* espFramework.c in Sources */ = {isa = PBXBuildFile; fileRef = 0CD439B20CD453B000000028 /* espFramework.c */; };
		0CD439B20CD453B000000029 /* espHtml.c in Sources */ = {isa = PBXBuildFile; fileRef = 0CD439B20CD453B00000002A /* espHtml.c */; };
		0CD439B20CD453B00000002B /* espRequest.c in Sources */ = {isa = PBXBuildFile; fileRef = 0CD439B20CD453B00000002C /* espRequest.c */; };
		0CD439B20CD453B00000002D /* espTemplate.c in Sources */ = {isa = PBXBuildFile; fileRef = 0CD439B20CD453B00000002E /* espTemplate.c */; };
		0CD439B20CD453B00000002F /* mdb.c in Sources */ = {isa = PBXBuildFile; fileRef = 0CD439B20CD453B000000030 /* mdb.c */; };
		0CD439B20CD453B000000031 /* sdb.c in Sources */ = {isa = PBXBuildFile; fileRef = 0CD439B20CD453B000000032 /* sdb.c */; };
		0CD439B20CD453B000000033 /* httpLib.c in Sources */ = {isa = PBXBuildFile; fileRef = 0CD439B20CD453B000000034 /* httpLib.c */; };
		0CD439B20CD453B000000035 /* mprLib.c in Sources */ = {isa = PBXBuildFile; fileRef = 0CD439B20CD453B000000036 /* mprLib.c */; };
		0CD439B20CD453B000000037 /* mpr-openssl.c in Sources */ = {isa = PBXBuildFile; fileRef = 0CD439B20CD453B000000038 /* mpr-openssl.c */; };
		0CD439B20CD453B000000039 /* mpr-version.c in Sources */ = {isa = PBXBuildFile; fileRef = 0CD439B20CD453B00000003A /* mpr-version.c */; };
		0CD439B20CD453B00000003B /* pcre.c in Sources */ = {isa = PBXBuildFile; fileRef = 0CD439B20CD453B00000003C /* pcre.c */; };
		0CD439B20CD453B00000003D /* sqlite3.c in Sources */ = {isa = PBXBuildFile; fileRef = 0CD439B20CD453B00000003E /* sqlite3.c */; };
		0CD439B20CD453B00000003F /* watchdog.c in Sources */ = {isa = PBXBuildFile; fileRef = 0CD439B20CD453B000000040 /* watchdog.c */; };
		0CD439B20CD453B000000041 /* libesp.dylib for espcmd */ = {isa = PBXBuildFile; fileRef = 0CD439B20CD453B000000042; };
		0CD439B20CD453B000000043 /* libsql.dylib for espcmd */ = {isa = PBXBuildFile; fileRef = 0CD439B20CD453B000000044; };
		0CD439B20CD453B000000045 /* libmpr-version.a for espcmd */ = {isa = PBXBuildFile; fileRef = 0CD439B20CD453B000000046; };
		0CD439B20CD453B000000047 /* libhttp.dylib for espcmd */ = {isa = PBXBuildFile; fileRef = 0CD439B20CD453B000000048; };
		0CD439B20CD453B000000049 /* libpcre.dylib for espcmd */ = {isa = PBXBuildFile; fileRef = 0CD439B20CD453B00000004A; };
		0CD439B20CD453B00000004B /* libmpr.dylib for espcmd */ = {isa = PBXBuildFile; fileRef = 0CD439B20CD453B00000004C; };
		0CD439B20CD453B00000004D /* libmpr-openssl.a for espcmd */ = {isa = PBXBuildFile; fileRef = 0CD439B20CD453B00000004E; };
		0CD439B20CD453B00000004F /* libmpr-version.a for libesp */ = {isa = PBXBuildFile; fileRef = 0CD439B20CD453B000000046; };
		0CD439B20CD453B000000050 /* libhttp.dylib for libesp */ = {isa = PBXBuildFile; fileRef = 0CD439B20CD453B000000048; };
		0CD439B20CD453B000000051 /* libsql.dylib for libesp */ = {isa = PBXBuildFile; fileRef = 0CD439B20CD453B000000044; };
		0CD439B20CD453B000000052 /* libpcre.dylib for libesp */ = {isa = PBXBuildFile; fileRef = 0CD439B20CD453B00000004A; };
		0CD439B20CD453B000000053 /* libmpr.dylib for libesp */ = {isa = PBXBuildFile; fileRef = 0CD439B20CD453B00000004C; };
		0CD439B20CD453B000000054 /* libmpr-openssl.a for libesp */ = {isa = PBXBuildFile; fileRef = 0CD439B20CD453B00000004E; };
		0CD439B20CD453B000000055 /* libpcre.dylib for libhttp */ = {isa = PBXBuildFile; fileRef = 0CD439B20CD453B00000004A; };
		0CD439B20CD453B000000056 /* libmpr.dylib for libhttp */ = {isa = PBXBuildFile; fileRef = 0CD439B20CD453B00000004C; };
		0CD439B20CD453B000000057 /* libmpr-openssl.a for libhttp */ = {isa = PBXBuildFile; fileRef = 0CD439B20CD453B00000004E; };
		0CD439B20CD453B000000058 /* libmpr-openssl.a for libmpr */ = {isa = PBXBuildFile; fileRef = 0CD439B20CD453B00000004E; };
		0CD439B20CD453B000000059 /* libpcre.dylib for libmpr-version */ = {isa = PBXBuildFile; fileRef = 0CD439B20CD453B00000004A; };
		0CD439B20CD453B00000005A /* libmpr.dylib for libmpr-version */ = {isa = PBXBuildFile; fileRef = 0CD439B20CD453B00000004C; };
		0CD439B20CD453B00000005B /* libmpr-openssl.a for libmpr-version */ = {isa = PBXBuildFile; fileRef = 0CD439B20CD453B00000004E; };
		0CD439B20CD453B00000005C /* libmpr.dylib for watchdog */ = {isa = PBXBuildFile; fileRef = 0CD439B20CD453B00000004C; };
		0CD439B20CD453B00000005D /* libmpr-openssl.a for watchdog */ = {isa = PBXBuildFile; fileRef = 0CD439B20CD453B00000004E; };
/* End PBXBuildFile section */

/* Begin PBXContainerItemProxy section */
		0CD439B20CD453B00000005E /* PBXContainerItemProxy Prep from espcmd */ = {
    			isa = PBXContainerItemProxy;
    			containerPortal = 0CD439B20CD453B000000001 /* Project object */;
    			proxyType = 1;
    			remoteGlobalIDString = 0CD439B20CD453B00000001D;
    			remoteInfo = Prep;
    		};
		0CD439B20CD453B00000005F /* PBXContainerItemProxy libsql from espcmd */ = {
    			isa = PBXContainerItemProxy;
    			containerPortal = 0CD439B20CD453B000000001 /* Project object */;
    			proxyType = 1;
    			remoteGlobalIDString = 0CD439B20CD453B000000060;
    			remoteInfo = libsql;
    		};
		0CD439B20CD453B000000061 /* PBXContainerItemProxy libmpr-openssl from espcmd */ = {
    			isa = PBXContainerItemProxy;
    			containerPortal = 0CD439B20CD453B000000001 /* Project object */;
    			proxyType = 1;
    			remoteGlobalIDString = 0CD439B20CD453B000000062;
    			remoteInfo = libmpr-openssl;
    		};
		0CD439B20CD453B000000063 /* PBXContainerItemProxy libmpr from espcmd */ = {
    			isa = PBXContainerItemProxy;
    			containerPortal = 0CD439B20CD453B000000001 /* Project object */;
    			proxyType = 1;
    			remoteGlobalIDString = 0CD439B20CD453B000000064;
    			remoteInfo = libmpr;
    		};
		0CD439B20CD453B000000065 /* PBXContainerItemProxy libpcre from espcmd */ = {
    			isa = PBXContainerItemProxy;
    			containerPortal = 0CD439B20CD453B000000001 /* Project object */;
    			proxyType = 1;
    			remoteGlobalIDString = 0CD439B20CD453B000000066;
    			remoteInfo = libpcre;
    		};
		0CD439B20CD453B000000067 /* PBXContainerItemProxy libhttp from espcmd */ = {
    			isa = PBXContainerItemProxy;
    			containerPortal = 0CD439B20CD453B000000001 /* Project object */;
    			proxyType = 1;
    			remoteGlobalIDString = 0CD439B20CD453B000000068;
    			remoteInfo = libhttp;
    		};
		0CD439B20CD453B000000069 /* PBXContainerItemProxy libmpr-version from espcmd */ = {
    			isa = PBXContainerItemProxy;
    			containerPortal = 0CD439B20CD453B000000001 /* Project object */;
    			proxyType = 1;
    			remoteGlobalIDString = 0CD439B20CD453B00000006A;
    			remoteInfo = libmpr-version;
    		};
		0CD439B20CD453B00000006B /* PBXContainerItemProxy libesp from espcmd */ = {
    			isa = PBXContainerItemProxy;
    			containerPortal = 0CD439B20CD453B000000001 /* Project object */;
    			proxyType = 1;
    			remoteGlobalIDString = 0CD439B20CD453B00000006C;
    			remoteInfo = libesp;
    		};
		0CD439B20CD453B00000006D /* PBXContainerItemProxy Prep from extras */ = {
    			isa = PBXContainerItemProxy;
    			containerPortal = 0CD439B20CD453B000000001 /* Project object */;
    			proxyType = 1;
    			remoteGlobalIDString = 0CD439B20CD453B00000001D;
    			remoteInfo = Prep;
    		};
		0CD439B20CD453B00000006E /* PBXContainerItemProxy Prep from install-certs */ = {
    			isa = PBXContainerItemProxy;
    			containerPortal = 0CD439B20CD453B000000001 /* Project object */;
    			proxyType = 1;
    			remoteGlobalIDString = 0CD439B20CD453B00000001D;
    			remoteInfo = Prep;
    		};
		0CD439B20CD453B00000006F /* PBXContainerItemProxy Prep from libesp */ = {
    			isa = PBXContainerItemProxy;
    			containerPortal = 0CD439B20CD453B000000001 /* Project object */;
    			proxyType = 1;
    			remoteGlobalIDString = 0CD439B20CD453B00000001D;
    			remoteInfo = Prep;
    		};
		0CD439B20CD453B000000070 /* PBXContainerItemProxy libsql from libesp */ = {
    			isa = PBXContainerItemProxy;
    			containerPortal = 0CD439B20CD453B000000001 /* Project object */;
    			proxyType = 1;
    			remoteGlobalIDString = 0CD439B20CD453B000000060;
    			remoteInfo = libsql;
    		};
		0CD439B20CD453B000000071 /* PBXContainerItemProxy libmpr-openssl from libesp */ = {
    			isa = PBXContainerItemProxy;
    			containerPortal = 0CD439B20CD453B000000001 /* Project object */;
    			proxyType = 1;
    			remoteGlobalIDString = 0CD439B20CD453B000000062;
    			remoteInfo = libmpr-openssl;
    		};
		0CD439B20CD453B000000072 /* PBXContainerItemProxy libmpr from libesp */ = {
    			isa = PBXContainerItemProxy;
    			containerPortal = 0CD439B20CD453B000000001 /* Project object */;
    			proxyType = 1;
    			remoteGlobalIDString = 0CD439B20CD453B000000064;
    			remoteInfo = libmpr;
    		};
		0CD439B20CD453B000000073 /* PBXContainerItemProxy libpcre from libesp */ = {
    			isa = PBXContainerItemProxy;
    			containerPortal = 0CD439B20CD453B000000001 /* Project object */;
    			proxyType = 1;
    			remoteGlobalIDString = 0CD439B20CD453B000000066;
    			remoteInfo = libpcre;
    		};
		0CD439B20CD453B000000074 /* PBXContainerItemProxy libhttp from libesp */ = {
    			isa = PBXContainerItemProxy;
    			containerPortal = 0CD439B20CD453B000000001 /* Project object */;
    			proxyType = 1;
    			remoteGlobalIDString = 0CD439B20CD453B000000068;
    			remoteInfo = libhttp;
    		};
		0CD439B20CD453B000000075 /* PBXContainerItemProxy libmpr-version from libesp */ = {
    			isa = PBXContainerItemProxy;
    			containerPortal = 0CD439B20CD453B000000001 /* Project object */;
    			proxyType = 1;
    			remoteGlobalIDString = 0CD439B20CD453B00000006A;
    			remoteInfo = libmpr-version;
    		};
		0CD439B20CD453B000000076 /* PBXContainerItemProxy Prep from libhttp */ = {
    			isa = PBXContainerItemProxy;
    			containerPortal = 0CD439B20CD453B000000001 /* Project object */;
    			proxyType = 1;
    			remoteGlobalIDString = 0CD439B20CD453B00000001D;
    			remoteInfo = Prep;
    		};
		0CD439B20CD453B000000077 /* PBXContainerItemProxy libmpr-openssl from libhttp */ = {
    			isa = PBXContainerItemProxy;
    			containerPortal = 0CD439B20CD453B000000001 /* Project object */;
    			proxyType = 1;
    			remoteGlobalIDString = 0CD439B20CD453B000000062;
    			remoteInfo = libmpr-openssl;
    		};
		0CD439B20CD453B000000078 /* PBXContainerItemProxy libmpr from libhttp */ = {
    			isa = PBXContainerItemProxy;
    			containerPortal = 0CD439B20CD453B000000001 /* Project object */;
    			proxyType = 1;
    			remoteGlobalIDString = 0CD439B20CD453B000000064;
    			remoteInfo = libmpr;
    		};
		0CD439B20CD453B000000079 /* PBXContainerItemProxy libpcre from libhttp */ = {
    			isa = PBXContainerItemProxy;
    			containerPortal = 0CD439B20CD453B000000001 /* Project object */;
    			proxyType = 1;
    			remoteGlobalIDString = 0CD439B20CD453B000000066;
    			remoteInfo = libpcre;
    		};
		0CD439B20CD453B00000007A /* PBXContainerItemProxy Prep from libmpr */ = {
    			isa = PBXContainerItemProxy;
    			containerPortal = 0CD439B20CD453B000000001 /* Project object */;
    			proxyType = 1;
    			remoteGlobalIDString = 0CD439B20CD453B00000001D;
    			remoteInfo = Prep;
    		};
		0CD439B20CD453B00000007B /* PBXContainerItemProxy libmpr-openssl from libmpr */ = {
    			isa = PBXContainerItemProxy;
    			containerPortal = 0CD439B20CD453B000000001 /* Project object */;
    			proxyType = 1;
    			remoteGlobalIDString = 0CD439B20CD453B000000062;
    			remoteInfo = libmpr-openssl;
    		};
		0CD439B20CD453B00000007C /* PBXContainerItemProxy Prep from libmpr-openssl */ = {
    			isa = PBXContainerItemProxy;
    			containerPortal = 0CD439B20CD453B000000001 /* Project object */;
    			proxyType = 1;
    			remoteGlobalIDString = 0CD439B20CD453B00000001D;
    			remoteInfo = Prep;
    		};
		0CD439B20CD453B00000007D /* PBXContainerItemProxy Prep from libmpr-version */ = {
    			isa = PBXContainerItemProxy;
    			containerPortal = 0CD439B20CD453B000000001 /* Project object */;
    			proxyType = 1;
    			remoteGlobalIDString = 0CD439B20CD453B00000001D;
    			remoteInfo = Prep;
    		};
		0CD439B20CD453B00000007E /* PBXContainerItemProxy libmpr-openssl from libmpr-version */ = {
    			isa = PBXContainerItemProxy;
    			containerPortal = 0CD439B20CD453B000000001 /* Project object */;
    			proxyType = 1;
    			remoteGlobalIDString = 0CD439B20CD453B000000062;
    			remoteInfo = libmpr-openssl;
    		};
		0CD439B20CD453B00000007F /* PBXContainerItemProxy libmpr from libmpr-version */ = {
    			isa = PBXContainerItemProxy;
    			containerPortal = 0CD439B20CD453B000000001 /* Project object */;
    			proxyType = 1;
    			remoteGlobalIDString = 0CD439B20CD453B000000064;
    			remoteInfo = libmpr;
    		};
		0CD439B20CD453B000000080 /* PBXContainerItemProxy libpcre from libmpr-version */ = {
    			isa = PBXContainerItemProxy;
    			containerPortal = 0CD439B20CD453B000000001 /* Project object */;
    			proxyType = 1;
    			remoteGlobalIDString = 0CD439B20CD453B000000066;
    			remoteInfo = libpcre;
    		};
		0CD439B20CD453B000000081 /* PBXContainerItemProxy Prep from libpcre */ = {
    			isa = PBXContainerItemProxy;
    			containerPortal = 0CD439B20CD453B000000001 /* Project object */;
    			proxyType = 1;
    			remoteGlobalIDString = 0CD439B20CD453B00000001D;
    			remoteInfo = Prep;
    		};
		0CD439B20CD453B000000082 /* PBXContainerItemProxy Prep from libsql */ = {
    			isa = PBXContainerItemProxy;
    			containerPortal = 0CD439B20CD453B000000001 /* Project object */;
    			proxyType = 1;
    			remoteGlobalIDString = 0CD439B20CD453B00000001D;
    			remoteInfo = Prep;
    		};
		0CD439B20CD453B000000083 /* PBXContainerItemProxy Prep from watchdog */ = {
    			isa = PBXContainerItemProxy;
    			containerPortal = 0CD439B20CD453B000000001 /* Project object */;
    			proxyType = 1;
    			remoteGlobalIDString = 0CD439B20CD453B00000001D;
    			remoteInfo = Prep;
    		};
		0CD439B20CD453B000000084 /* PBXContainerItemProxy libmpr-openssl from watchdog */ = {
    			isa = PBXContainerItemProxy;
    			containerPortal = 0CD439B20CD453B000000001 /* Project object */;
    			proxyType = 1;
    			remoteGlobalIDString = 0CD439B20CD453B000000062;
    			remoteInfo = libmpr-openssl;
    		};
		0CD439B20CD453B000000085 /* PBXContainerItemProxy libmpr from watchdog */ = {
    			isa = PBXContainerItemProxy;
    			containerPortal = 0CD439B20CD453B000000001 /* Project object */;
    			proxyType = 1;
    			remoteGlobalIDString = 0CD439B20CD453B000000064;
    			remoteInfo = libmpr;
    		};
		0CD439B20CD453B000000086 /* PBXContainerItemProxy Prep from All */ = {
    			isa = PBXContainerItemProxy;
    			containerPortal = 0CD439B20CD453B000000001 /* Project object */;
    			proxyType = 1;
    			remoteGlobalIDString = 0CD439B20CD453B00000001D;
    			remoteInfo = Prep;
    		};
		0CD439B20CD453B000000087 /* PBXContainerItemProxy libsql from All */ = {
    			isa = PBXContainerItemProxy;
    			containerPortal = 0CD439B20CD453B000000001 /* Project object */;
    			proxyType = 1;
    			remoteGlobalIDString = 0CD439B20CD453B000000060;
    			remoteInfo = libsql;
    		};
		0CD439B20CD453B000000088 /* PBXContainerItemProxy libmpr-openssl from All */ = {
    			isa = PBXContainerItemProxy;
    			containerPortal = 0CD439B20CD453B000000001 /* Project object */;
    			proxyType = 1;
    			remoteGlobalIDString = 0CD439B20CD453B000000062;
    			remoteInfo = libmpr-openssl;
    		};
		0CD439B20CD453B000000089 /* PBXContainerItemProxy libmpr from All */ = {
    			isa = PBXContainerItemProxy;
    			containerPortal = 0CD439B20CD453B000000001 /* Project object */;
    			proxyType = 1;
    			remoteGlobalIDString = 0CD439B20CD453B000000064;
    			remoteInfo = libmpr;
    		};
		0CD439B20CD453B00000008A /* PBXContainerItemProxy libpcre from All */ = {
    			isa = PBXContainerItemProxy;
    			containerPortal = 0CD439B20CD453B000000001 /* Project object */;
    			proxyType = 1;
    			remoteGlobalIDString = 0CD439B20CD453B000000066;
    			remoteInfo = libpcre;
    		};
		0CD439B20CD453B00000008B /* PBXContainerItemProxy libhttp from All */ = {
    			isa = PBXContainerItemProxy;
    			containerPortal = 0CD439B20CD453B000000001 /* Project object */;
    			proxyType = 1;
    			remoteGlobalIDString = 0CD439B20CD453B000000068;
    			remoteInfo = libhttp;
    		};
		0CD439B20CD453B00000008C /* PBXContainerItemProxy libmpr-version from All */ = {
    			isa = PBXContainerItemProxy;
    			containerPortal = 0CD439B20CD453B000000001 /* Project object */;
    			proxyType = 1;
    			remoteGlobalIDString = 0CD439B20CD453B00000006A;
    			remoteInfo = libmpr-version;
    		};
		0CD439B20CD453B00000008D /* PBXContainerItemProxy libesp from All */ = {
    			isa = PBXContainerItemProxy;
    			containerPortal = 0CD439B20CD453B000000001 /* Project object */;
    			proxyType = 1;
    			remoteGlobalIDString = 0CD439B20CD453B00000006C;
    			remoteInfo = libesp;
    		};
		0CD439B20CD453B00000008E /* PBXContainerItemProxy espcmd from All */ = {
    			isa = PBXContainerItemProxy;
    			containerPortal = 0CD439B20CD453B000000001 /* Project object */;
    			proxyType = 1;
    			remoteGlobalIDString = 0CD439B20CD453B00000008F;
    			remoteInfo = espcmd;
    		};
		0CD439B20CD453B000000090 /* PBXContainerItemProxy extras from All */ = {
    			isa = PBXContainerItemProxy;
    			containerPortal = 0CD439B20CD453B000000001 /* Project object */;
    			proxyType = 1;
    			remoteGlobalIDString = 0CD439B20CD453B000000006;
    			remoteInfo = extras;
    		};
		0CD439B20CD453B000000091 /* PBXContainerItemProxy install-certs from All */ = {
    			isa = PBXContainerItemProxy;
    			containerPortal = 0CD439B20CD453B000000001 /* Project object */;
    			proxyType = 1;
    			remoteGlobalIDString = 0CD439B20CD453B00000000A;
    			remoteInfo = install-certs;
    		};
		0CD439B20CD453B000000092 /* PBXContainerItemProxy watchdog from All */ = {
    			isa = PBXContainerItemProxy;
    			containerPortal = 0CD439B20CD453B000000001 /* Project object */;
    			proxyType = 1;
    			remoteGlobalIDString = 0CD439B20CD453B000000093;
    			remoteInfo = watchdog;
    		};
/* End PBXContainerItemProxy section */

/* Begin PBXFileReference section */
		0CD439B20CD453B000000020 /* esp.c */ = {isa = PBXFileReference; fileEncoding = 4; lastKnownFileType = sourcecode.c.c; name = esp.c; path = src/esp.c; sourceTree = "<group>"; };
		0CD439B20CD453B000000094 /* esp.h */ = {isa = PBXFileReference; fileEncoding = 4; lastKnownFileType = sourcecode.c.h; name = esp.h; path = src/esp.h; sourceTree = "<group>"; };
		0CD439B20CD453B000000095 /* mpr-version.h */ = {isa = PBXFileReference; fileEncoding = 4; lastKnownFileType = sourcecode.c.h; name = mpr-version.h; path = build/macosx-x64-default/inc/mpr-version.h; sourceTree = "<group>"; };
		0CD439B20CD453B000000096 /* espcmd */ = {isa = PBXFileReference; explicitFileType = "compiled.mach-o.executable"; includeInIndex = 0; path = esp; sourceTree = BUILT_PRODUCTS_DIR; };
		0CD439B20CD453B000000022 /* edi.c */ = {isa = PBXFileReference; fileEncoding = 4; lastKnownFileType = sourcecode.c.c; name = edi.c; path = src/edi.c; sourceTree = "<group>"; };
		0CD439B20CD453B000000097 /* edi.h */ = {isa = PBXFileReference; fileEncoding = 4; lastKnownFileType = sourcecode.c.h; name = edi.h; path = src/edi.h; sourceTree = "<group>"; };
		0CD439B20CD453B000000098 /* pcre.h */ = {isa = PBXFileReference; fileEncoding = 4; lastKnownFileType = sourcecode.c.h; name = pcre.h; path = build/macosx-x64-default/inc/pcre.h; sourceTree = "<group>"; };
		0CD439B20CD453B000000024 /* espAbbrev.c */ = {isa = PBXFileReference; fileEncoding = 4; lastKnownFileType = sourcecode.c.c; name = espAbbrev.c; path = src/espAbbrev.c; sourceTree = "<group>"; };
		0CD439B20CD453B000000026 /* espConfig.c */ = {isa = PBXFileReference; fileEncoding = 4; lastKnownFileType = sourcecode.c.c; name = espConfig.c; path = src/espConfig.c; sourceTree = "<group>"; };
		0CD439B20CD453B000000028 /* espFramework.c */ = {isa = PBXFileReference; fileEncoding = 4; lastKnownFileType = sourcecode.c.c; name = espFramework.c; path = src/espFramework.c; sourceTree = "<group>"; };
		0CD439B20CD453B00000002A /* espHtml.c */ = {isa = PBXFileReference; fileEncoding = 4; lastKnownFileType = sourcecode.c.c; name = espHtml.c; path = src/espHtml.c; sourceTree = "<group>"; };
		0CD439B20CD453B00000002C /* espRequest.c */ = {isa = PBXFileReference; fileEncoding = 4; lastKnownFileType = sourcecode.c.c; name = espRequest.c; path = src/espRequest.c; sourceTree = "<group>"; };
		0CD439B20CD453B00000002E /* espTemplate.c */ = {isa = PBXFileReference; fileEncoding = 4; lastKnownFileType = sourcecode.c.c; name = espTemplate.c; path = src/espTemplate.c; sourceTree = "<group>"; };
		0CD439B20CD453B000000030 /* mdb.c */ = {isa = PBXFileReference; fileEncoding = 4; lastKnownFileType = sourcecode.c.c; name = mdb.c; path = src/mdb.c; sourceTree = "<group>"; };
		0CD439B20CD453B000000099 /* http.h */ = {isa = PBXFileReference; fileEncoding = 4; lastKnownFileType = sourcecode.c.h; name = http.h; path = build/macosx-x64-default/inc/http.h; sourceTree = "<group>"; };
		0CD439B20CD453B00000009A /* mdb.h */ = {isa = PBXFileReference; fileEncoding = 4; lastKnownFileType = sourcecode.c.h; name = mdb.h; path = src/mdb.h; sourceTree = "<group>"; };
		0CD439B20CD453B000000032 /* sdb.c */ = {isa = PBXFileReference; fileEncoding = 4; lastKnownFileType = sourcecode.c.c; name = sdb.c; path = src/sdb.c; sourceTree = "<group>"; };
		0CD439B20CD453B000000042 /* libesp */ = {isa = PBXFileReference; explicitFileType = "compiled.mach-o.dylib"; includeInIndex = 0; path = libesp.dylib; sourceTree = BUILT_PRODUCTS_DIR; };
		0CD439B20CD453B000000034 /* httpLib.c */ = {isa = PBXFileReference; fileEncoding = 4; lastKnownFileType = sourcecode.c.c; name = httpLib.c; path = src/http/httpLib.c; sourceTree = "<group>"; };
		0CD439B20CD453B00000009B /* http.h */ = {isa = PBXFileReference; fileEncoding = 4; lastKnownFileType = sourcecode.c.h; name = http.h; path = src/http/http.h; sourceTree = "<group>"; };
		0CD439B20CD453B000000048 /* libhttp */ = {isa = PBXFileReference; explicitFileType = "compiled.mach-o.dylib"; includeInIndex = 0; path = libhttp.dylib; sourceTree = BUILT_PRODUCTS_DIR; };
		0CD439B20CD453B000000036 /* mprLib.c */ = {isa = PBXFileReference; fileEncoding = 4; lastKnownFileType = sourcecode.c.c; name = mprLib.c; path = src/mpr/mprLib.c; sourceTree = "<group>"; };
		0CD439B20CD453B00000009C /* mpr.h */ = {isa = PBXFileReference; fileEncoding = 4; lastKnownFileType = sourcecode.c.h; name = mpr.h; path = src/mpr/mpr.h; sourceTree = "<group>"; };
		0CD439B20CD453B00000004C /* libmpr */ = {isa = PBXFileReference; explicitFileType = "compiled.mach-o.dylib"; includeInIndex = 0; path = libmpr.dylib; sourceTree = BUILT_PRODUCTS_DIR; };
		0CD439B20CD453B000000038 /* mpr-openssl.c */ = {isa = PBXFileReference; fileEncoding = 4; lastKnownFileType = sourcecode.c.c; name = mpr-openssl.c; path = src/mpr-openssl/mpr-openssl.c; sourceTree = "<group>"; };
		0CD439B20CD453B00000009D /* mpr.h */ = {isa = PBXFileReference; fileEncoding = 4; lastKnownFileType = sourcecode.c.h; name = mpr.h; path = build/macosx-x64-default/inc/mpr.h; sourceTree = "<group>"; };
		0CD439B20CD453B00000004E /* libmpr-openssl */ = {isa = PBXFileReference; explicitFileType = "compiled.mach-o.dylib"; includeInIndex = 0; path = libmpr-openssl.a; sourceTree = BUILT_PRODUCTS_DIR; };
		0CD439B20CD453B00000003A /* mpr-version.c */ = {isa = PBXFileReference; fileEncoding = 4; lastKnownFileType = sourcecode.c.c; name = mpr-version.c; path = src/mpr-version/mpr-version.c; sourceTree = "<group>"; };
		0CD439B20CD453B00000009E /* mpr-version.h */ = {isa = PBXFileReference; fileEncoding = 4; lastKnownFileType = sourcecode.c.h; name = mpr-version.h; path = src/mpr-version/mpr-version.h; sourceTree = "<group>"; };
		0CD439B20CD453B000000046 /* libmpr-version */ = {isa = PBXFileReference; explicitFileType = "compiled.mach-o.dylib"; includeInIndex = 0; path = libmpr-version.a; sourceTree = BUILT_PRODUCTS_DIR; };
		0CD439B20CD453B00000003C /* pcre.c */ = {isa = PBXFileReference; fileEncoding = 4; lastKnownFileType = sourcecode.c.c; name = pcre.c; path = src/pcre/pcre.c; sourceTree = "<group>"; };
		0CD439B20CD453B00000009F /* me.h */ = {isa = PBXFileReference; fileEncoding = 4; lastKnownFileType = sourcecode.c.h; name = me.h; path = build/macosx-x64-default/inc/me.h; sourceTree = "<group>"; };
		0CD439B20CD453B0000000A0 /* pcre.h */ = {isa = PBXFileReference; fileEncoding = 4; lastKnownFileType = sourcecode.c.h; name = pcre.h; path = src/pcre/pcre.h; sourceTree = "<group>"; };
		0CD439B20CD453B00000004A /* libpcre */ = {isa = PBXFileReference; explicitFileType = "compiled.mach-o.dylib"; includeInIndex = 0; path = libpcre.dylib; sourceTree = BUILT_PRODUCTS_DIR; };
		0CD439B20CD453B00000003E /* sqlite3.c */ = {isa = PBXFileReference; fileEncoding = 4; lastKnownFileType = sourcecode.c.c; name = sqlite3.c; path = src/sqlite/sqlite3.c; sourceTree = "<group>"; };
		0CD439B20CD453B0000000A1 /* sqlite3.h */ = {isa = PBXFileReference; fileEncoding = 4; lastKnownFileType = sourcecode.c.h; name = sqlite3.h; path = src/sqlite/sqlite3.h; sourceTree = "<group>"; };
		0CD439B20CD453B000000044 /* libsql */ = {isa = PBXFileReference; explicitFileType = "compiled.mach-o.dylib"; includeInIndex = 0; path = libsql.dylib; sourceTree = BUILT_PRODUCTS_DIR; };
		0CD439B20CD453B000000040 /* watchdog.c */ = {isa = PBXFileReference; fileEncoding = 4; lastKnownFileType = sourcecode.c.c; name = watchdog.c; path = src/watchdog/watchdog.c; sourceTree = "<group>"; };
		0CD439B20CD453B0000000A2 /* watchdog */ = {isa = PBXFileReference; explicitFileType = "compiled.mach-o.executable"; includeInIndex = 0; path = espman; sourceTree = BUILT_PRODUCTS_DIR; };
/* End PBXFileReference section */

/* Begin PBXFrameworksBuildPhase section */
		0CD439B20CD453B0000000A3 /* Frameworks and Libraries for espcmd */ = {
                isa = PBXFrameworksBuildPhase;
                buildActionMask = 2147483647;
                files = (
    				0CD439B20CD453B000000041 /* libesp */,
				0CD439B20CD453B000000043 /* libsql */,
				0CD439B20CD453B000000045 /* libmpr-version */,
				0CD439B20CD453B000000047 /* libhttp */,
				0CD439B20CD453B000000049 /* libpcre */,
				0CD439B20CD453B00000004B /* libmpr */,
				0CD439B20CD453B00000004D /* libmpr-openssl */,				
                );
                runOnlyForDeploymentPostprocessing = 0;
            };
		0CD439B20CD453B0000000A4 /* Frameworks and Libraries for libesp */ = {
                isa = PBXFrameworksBuildPhase;
                buildActionMask = 2147483647;
                files = (
    				0CD439B20CD453B00000004F /* libmpr-version */,
				0CD439B20CD453B000000050 /* libhttp */,
				0CD439B20CD453B000000051 /* libsql */,
				0CD439B20CD453B000000052 /* libpcre */,
				0CD439B20CD453B000000053 /* libmpr */,
				0CD439B20CD453B000000054 /* libmpr-openssl */,				
                );
                runOnlyForDeploymentPostprocessing = 0;
            };
		0CD439B20CD453B0000000A5 /* Frameworks and Libraries for libhttp */ = {
                isa = PBXFrameworksBuildPhase;
                buildActionMask = 2147483647;
                files = (
    				0CD439B20CD453B000000055 /* libpcre */,
				0CD439B20CD453B000000056 /* libmpr */,
				0CD439B20CD453B000000057 /* libmpr-openssl */,				
                );
                runOnlyForDeploymentPostprocessing = 0;
            };
		0CD439B20CD453B0000000A6 /* Frameworks and Libraries for libmpr */ = {
                isa = PBXFrameworksBuildPhase;
                buildActionMask = 2147483647;
                files = (
    				0CD439B20CD453B000000058 /* libmpr-openssl */,				
                );
                runOnlyForDeploymentPostprocessing = 0;
            };
		0CD439B20CD453B0000000A9 /* Frameworks and Libraries for libpcre */ = {
                isa = PBXFrameworksBuildPhase;
                buildActionMask = 2147483647;
                files = (
    				
                );
                runOnlyForDeploymentPostprocessing = 0;
            };
		0CD439B20CD453B0000000AA /* Frameworks and Libraries for libsql */ = {
                isa = PBXFrameworksBuildPhase;
                buildActionMask = 2147483647;
                files = (
    				
                );
                runOnlyForDeploymentPostprocessing = 0;
            };
		0CD439B20CD453B0000000AB /* Frameworks and Libraries for watchdog */ = {
                isa = PBXFrameworksBuildPhase;
                buildActionMask = 2147483647;
                files = (
    				0CD439B20CD453B00000005C /* libmpr */,
				0CD439B20CD453B00000005D /* libmpr-openssl */,				
                );
                runOnlyForDeploymentPostprocessing = 0;
            };
/* End PBXFrameworksBuildPhase section */

/* Begin PBXGroup section */
		0CD439B20CD453B0000000AC /* Top Group */ = {
                isa = PBXGroup;
                children = (
				0CD439B20CD453B0000000AD /* libesp */,
				0CD439B20CD453B0000000AE /* libhttp */,
				0CD439B20CD453B0000000AF /* libmpr */,
				0CD439B20CD453B0000000B0 /* libmpr-openssl */,
				0CD439B20CD453B0000000B1 /* libmpr-version */,
				0CD439B20CD453B0000000B2 /* libpcre */,
				0CD439B20CD453B0000000B3 /* libsql */,
				0CD439B20CD453B0000000B4 /* espcmd */,
				0CD439B20CD453B0000000B5 /* watchdog */,
				0CD439B20CD453B0000000B6 /* Products */,
			);
                sourceTree = "<group>";
            };
		0CD439B20CD453B0000000B4 /* espcmd */ = {
                isa = PBXGroup;
                children = (
				0CD439B20CD453B000000020 /* esp.c */,
			);
                name = "espcmd";
                path = ..;
                sourceTree = SOURCE_ROOT;
            };
		0CD439B20CD453B0000000AD /* libesp */ = {
                isa = PBXGroup;
                children = (
				0CD439B20CD453B000000097 /* edi.h */,
				0CD439B20CD453B000000094 /* esp.h */,
				0CD439B20CD453B00000009A /* mdb.h */,
				0CD439B20CD453B000000022 /* edi.c */,
				0CD439B20CD453B000000024 /* espAbbrev.c */,
				0CD439B20CD453B000000026 /* espConfig.c */,
				0CD439B20CD453B000000028 /* espFramework.c */,
				0CD439B20CD453B00000002A /* espHtml.c */,
				0CD439B20CD453B00000002C /* espRequest.c */,
				0CD439B20CD453B00000002E /* espTemplate.c */,
				0CD439B20CD453B000000030 /* mdb.c */,
				0CD439B20CD453B000000032 /* sdb.c */,
			);
                name = "libesp";
                path = ..;
                sourceTree = SOURCE_ROOT;
            };
		0CD439B20CD453B0000000AE /* libhttp */ = {
                isa = PBXGroup;
                children = (
				0CD439B20CD453B00000009B /* http.h */,
				0CD439B20CD453B000000034 /* httpLib.c */,
			);
                name = "libhttp";
                path = ..;
                sourceTree = SOURCE_ROOT;
            };
		0CD439B20CD453B0000000AF /* libmpr */ = {
                isa = PBXGroup;
                children = (
				0CD439B20CD453B00000009C /* mpr.h */,
				0CD439B20CD453B000000036 /* mprLib.c */,
			);
                name = "libmpr";
                path = ..;
                sourceTree = SOURCE_ROOT;
            };
		0CD439B20CD453B0000000B0 /* libmpr-openssl */ = {
                isa = PBXGroup;
                children = (
				0CD439B20CD453B000000038 /* mpr-openssl.c */,
			);
                name = "libmpr-openssl";
                path = ..;
                sourceTree = SOURCE_ROOT;
            };
		0CD439B20CD453B0000000B1 /* libmpr-version */ = {
                isa = PBXGroup;
                children = (
				0CD439B20CD453B00000009E /* mpr-version.h */,
				0CD439B20CD453B00000003A /* mpr-version.c */,
			);
                name = "libmpr-version";
                path = ..;
                sourceTree = SOURCE_ROOT;
            };
		0CD439B20CD453B0000000B2 /* libpcre */ = {
                isa = PBXGroup;
                children = (
				0CD439B20CD453B0000000A0 /* pcre.h */,
				0CD439B20CD453B00000003C /* pcre.c */,
			);
                name = "libpcre";
                path = ..;
                sourceTree = SOURCE_ROOT;
            };
		0CD439B20CD453B0000000B3 /* libsql */ = {
                isa = PBXGroup;
                children = (
				0CD439B20CD453B0000000A1 /* sqlite3.h */,
				0CD439B20CD453B00000003E /* sqlite3.c */,
			);
                name = "libsql";
                path = ..;
                sourceTree = SOURCE_ROOT;
            };
		0CD439B20CD453B0000000B5 /* watchdog */ = {
                isa = PBXGroup;
                children = (
				0CD439B20CD453B000000040 /* watchdog.c */,
			);
                name = "watchdog";
                path = ..;
                sourceTree = SOURCE_ROOT;
            };
		0CD439B20CD453B0000000B6 /* Products */ = {
                isa = PBXGroup;
                children = (
				0CD439B20CD453B000000096 /* espcmd */,
				0CD439B20CD453B000000042 /* libesp */,
				0CD439B20CD453B000000048 /* libhttp */,
				0CD439B20CD453B00000004C /* libmpr */,
				0CD439B20CD453B00000004E /* libmpr-openssl */,
				0CD439B20CD453B000000046 /* libmpr-version */,
				0CD439B20CD453B00000004A /* libpcre */,
				0CD439B20CD453B000000044 /* libsql */,
				0CD439B20CD453B0000000A2 /* watchdog */,
			);
                name = "Products";
                path = ..;
                sourceTree = SOURCE_ROOT;
            };
/* End PBXGroup section */

/* Begin PBXNativeTarget section */
		0CD439B20CD453B00000008F /* espcmd */ = {
    			isa = PBXNativeTarget;
    			buildConfigurationList = 0CD439B20CD453B0000000B8 /* Build configuration list for PBXNativeTarget "espcmd" */;
    			buildPhases = (
    				0CD439B20CD453B0000000B7 /* Sources */,
    				0CD439B20CD453B0000000A3 /* Frameworks */,
    			);
    			buildRules = (
    			);
    			dependencies = (
    				0CD439B20CD453B0000000B9 /* Prep */,
				0CD439B20CD453B0000000BA /* libsql */,
				0CD439B20CD453B0000000BB /* libmpr-openssl */,
				0CD439B20CD453B0000000BC /* libmpr */,
				0CD439B20CD453B0000000BD /* libpcre */,
				0CD439B20CD453B0000000BE /* libhttp */,
				0CD439B20CD453B0000000BF /* libmpr-version */,
				0CD439B20CD453B0000000C0 /* libesp */,				
    			);
    			name = espcmd;
    			productName = esp;
    			productReference = 0CD439B20CD453B000000096 /* espcmd */;
    			productType = "com.apple.product-type.tool";
    		};
		0CD439B20CD453B00000006C /* libesp */ = {
    			isa = PBXNativeTarget;
    			buildConfigurationList = 0CD439B20CD453B0000000C2 /* Build configuration list for PBXNativeTarget "libesp" */;
    			buildPhases = (
    				0CD439B20CD453B0000000C1 /* Sources */,
    				0CD439B20CD453B0000000A4 /* Frameworks */,
    			);
    			buildRules = (
    			);
    			dependencies = (
    				0CD439B20CD453B0000000C3 /* Prep */,
				0CD439B20CD453B0000000C4 /* libsql */,
				0CD439B20CD453B0000000C5 /* libmpr-openssl */,
				0CD439B20CD453B0000000C6 /* libmpr */,
				0CD439B20CD453B0000000C7 /* libpcre */,
				0CD439B20CD453B0000000C8 /* libhttp */,
				0CD439B20CD453B0000000C9 /* libmpr-version */,				
    			);
    			name = libesp;
    			productName = esp;
    			productReference = 0CD439B20CD453B000000042 /* libesp */;
    			productType = "com.apple.product-type.library.dynamic";
    		};
		0CD439B20CD453B000000068 /* libhttp */ = {
    			isa = PBXNativeTarget;
    			buildConfigurationList = 0CD439B20CD453B0000000CB /* Build configuration list for PBXNativeTarget "libhttp" */;
    			buildPhases = (
    				0CD439B20CD453B0000000CA /* Sources */,
    				0CD439B20CD453B0000000A5 /* Frameworks */,
    			);
    			buildRules = (
    			);
    			dependencies = (
    				0CD439B20CD453B0000000CC /* Prep */,
				0CD439B20CD453B0000000CD /* libmpr-openssl */,
				0CD439B20CD453B0000000CE /* libmpr */,
				0CD439B20CD453B0000000CF /* libpcre */,				
    			);
    			name = libhttp;
    			productName = esp;
    			productReference = 0CD439B20CD453B000000048 /* libhttp */;
    			productType = "com.apple.product-type.library.dynamic";
    		};
		0CD439B20CD453B000000064 /* libmpr */ = {
    			isa = PBXNativeTarget;
    			buildConfigurationList = 0CD439B20CD453B0000000D1 /* Build configuration list for PBXNativeTarget "libmpr" */;
    			buildPhases = (
    				0CD439B20CD453B0000000D0 /* Sources */,
    				0CD439B20CD453B0000000A6 /* Frameworks */,
    			);
    			buildRules = (
    			);
    			dependencies = (
    				0CD439B20CD453B0000000D2 /* Prep */,
				0CD439B20CD453B0000000D3 /* libmpr-openssl */,				
    			);
    			name = libmpr;
    			productName = esp;
    			productReference = 0CD439B20CD453B00000004C /* libmpr */;
    			productType = "com.apple.product-type.library.dynamic";
    		};
		0CD439B20CD453B000000062 /* libmpr-openssl */ = {
    			isa = PBXNativeTarget;
    			buildConfigurationList = 0CD439B20CD453B0000000D5 /* Build configuration list for PBXNativeTarget "libmpr-openssl" */;
    			buildPhases = (
    				0CD439B20CD453B0000000D4 /* Sources */,
    				0CD439B20CD453B0000000A7 /* Frameworks */,
    			);
    			buildRules = (
    			);
    			dependencies = (
    				0CD439B20CD453B0000000D6 /* Prep */,				
    			);
    			name = libmpr-openssl;
    			productName = esp;
    			productReference = 0CD439B20CD453B00000004E /* libmpr-openssl */;
    			productType = "com.apple.product-type.library.dynamic";
    		};
		0CD439B20CD453B00000006A /* libmpr-version */ = {
    			isa = PBXNativeTarget;
    			buildConfigurationList = 0CD439B20CD453B0000000D8 /* Build configuration list for PBXNativeTarget "libmpr-version" */;
    			buildPhases = (
    				0CD439B20CD453B0000000D7 /* Sources */,
    				0CD439B20CD453B0000000A8 /* Frameworks */,
    			);
    			buildRules = (
    			);
    			dependencies = (
    				0CD439B20CD453B0000000D9 /* Prep */,
				0CD439B20CD453B0000000DA /* libmpr-openssl */,
				0CD439B20CD453B0000000DB /* libmpr */,
				0CD439B20CD453B0000000DC /* libpcre */,				
    			);
    			name = libmpr-version;
    			productName = esp;
    			productReference = 0CD439B20CD453B000000046 /* libmpr-version */;
    			productType = "com.apple.product-type.library.dynamic";
    		};
		0CD439B20CD453B000000066 /* libpcre */ = {
    			isa = PBXNativeTarget;
    			buildConfigurationList = 0CD439B20CD453B0000000DE /* Build configuration list for PBXNativeTarget "libpcre" */;
    			buildPhases = (
    				0CD439B20CD453B0000000DD /* Sources */,
    				0CD439B20CD453B0000000A9 /* Frameworks */,
    			);
    			buildRules = (
    			);
    			dependencies = (
    				0CD439B20CD453B0000000DF /* Prep */,				
    			);
    			name = libpcre;
    			productName = esp;
    			productReference = 0CD439B20CD453B00000004A /* libpcre */;
    			productType = "com.apple.product-type.library.dynamic";
    		};
		0CD439B20CD453B000000060 /* libsql */ = {
    			isa = PBXNativeTarget;
    			buildConfigurationList = 0CD439B20CD453B0000000E1 /* Build configuration list for PBXNativeTarget "libsql" */;
    			buildPhases = (
    				0CD439B20CD453B0000000E0 /* Sources */,
    				0CD439B20CD453B0000000AA /* Frameworks */,
    			);
    			buildRules = (
    			);
    			dependencies = (
    				0CD439B20CD453B0000000E2 /* Prep */,				
    			);
    			name = libsql;
    			productName = esp;
    			productReference = 0CD439B20CD453B000000044 /* libsql */;
    			productType = "com.apple.product-type.library.dynamic";
    		};
		0CD439B20CD453B000000093 /* watchdog */ = {
    			isa = PBXNativeTarget;
    			buildConfigurationList = 0CD439B20CD453B0000000E4 /* Build configuration list for PBXNativeTarget "watchdog" */;
    			buildPhases = (
    				0CD439B20CD453B0000000E3 /* Sources */,
    				0CD439B20CD453B0000000AB /* Frameworks */,
    			);
    			buildRules = (
    			);
    			dependencies = (
    				0CD439B20CD453B0000000E5 /* Prep */,
				0CD439B20CD453B0000000E6 /* libmpr-openssl */,
				0CD439B20CD453B0000000E7 /* libmpr */,				
    			);
    			name = watchdog;
    			productName = esp;
    			productReference = 0CD439B20CD453B0000000A2 /* watchdog */;
    			productType = "com.apple.product-type.tool";
    		};
/* End PBXNativeTarget section */

/* Begin PBXShellScriptBuildPhase section */
		0CD439B20CD453B000000007 /* ShellScript for extras */ = {
    			isa = PBXShellScriptBuildPhase;
    			buildActionMask = 2147483647;
    			files = (
    			);
    			inputPaths = (
    ../src/esp-compile.json,
../src/vcvars.bat
    			);
    			outputPaths = (
    ../build/macosx-x64-default/bin
    			);
    			runOnlyForDeploymentPostprocessing = 0;
    			shellPath = /bin/bash;
    			shellScript = "PATH=$PATH:/usr/local/bin
cd ..
	mkdir -p \"build/macosx-x64-default/bin\"
	cp src/esp-compile.json build/macosx-x64-default/bin/esp-compile.json
	cp src/vcvars.bat build/macosx-x64-default/bin/vcvars.bat
";
    		};
		0CD439B20CD453B00000000B /* ShellScript for install-certs */ = {
    			isa = PBXShellScriptBuildPhase;
    			buildActionMask = 2147483647;
    			files = (
    			);
    			inputPaths = (
    ../src/certs/samples/ca.crt,
../src/certs/samples/ca.key,
../src/certs/samples/ec.crt,
../src/certs/samples/ec.key,
../src/certs/samples/roots.crt,
../src/certs/samples/self.crt,
../src/certs/samples/self.key,
../src/certs/samples/test.crt,
../src/certs/samples/test.key
    			);
    			outputPaths = (
    ../build/macosx-x64-default/bin
    			);
    			runOnlyForDeploymentPostprocessing = 0;
    			shellPath = /bin/bash;
    			shellScript = "PATH=$PATH:/usr/local/bin
cd ..
	mkdir -p \"build/macosx-x64-default/bin\"
	cp src/certs/samples/ca.crt build/macosx-x64-default/bin/ca.crt
	cp src/certs/samples/ca.key build/macosx-x64-default/bin/ca.key
	cp src/certs/samples/ec.crt build/macosx-x64-default/bin/ec.crt
	cp src/certs/samples/ec.key build/macosx-x64-default/bin/ec.key
	cp src/certs/samples/roots.crt build/macosx-x64-default/bin/roots.crt
	cp src/certs/samples/self.crt build/macosx-x64-default/bin/self.crt
	cp src/certs/samples/self.key build/macosx-x64-default/bin/self.key
	cp src/certs/samples/test.crt build/macosx-x64-default/bin/test.crt
	cp src/certs/samples/test.key build/macosx-x64-default/bin/test.key
";
    		};
		0CD439B20CD453B00000001E /* ShellScript for Prep */ = {
    			isa = PBXShellScriptBuildPhase;
    			buildActionMask = 2147483647;
    			files = (
    			);
    			inputPaths = (
    
    			);
    			outputPaths = (
    
    			);
    			runOnlyForDeploymentPostprocessing = 0;
    			shellPath = /bin/bash;
    			shellScript = "PATH=$PATH:/usr/local/bin
[ ! -x ${INC_DIR} ] && mkdir -p ${INC_DIR} ${OBJ_DIR} ${LIB_DIR} ${BIN_DIR}
[ ! -f ${INC_DIR}/me.h -a -f esp-macosx-default-me.h ] && cp esp-macosx-default-me.h ${INC_DIR}/me.h
if [ -f esp-macosx-default-me.h ] ; then
if ! diff ${INC_DIR}/me.h esp-macosx-default-me.h >/dev/null 2>&1 ; then
cp esp-macosx-default-me.h ${INC_DIR}/me.h
fi
fi
if [ ../src/edi.h -nt ${OUT_DIR}/inc/edi.h ] ; then
cp ../src/edi.h ${OUT_DIR}/inc/edi.h
fi
if [ ../src/esp.h -nt ${OUT_DIR}/inc/esp.h ] ; then
cp ../src/esp.h ${OUT_DIR}/inc/esp.h
fi
if [ ../src/http/http.h -nt ${OUT_DIR}/inc/http.h ] ; then
cp ../src/http/http.h ${OUT_DIR}/inc/http.h
fi
if [ ../src/mdb.h -nt ${OUT_DIR}/inc/mdb.h ] ; then
cp ../src/mdb.h ${OUT_DIR}/inc/mdb.h
fi
if [ ../src/mpr-version/mpr-version.h -nt ${OUT_DIR}/inc/mpr-version.h ] ; then
cp ../src/mpr-version/mpr-version.h ${OUT_DIR}/inc/mpr-version.h
fi
if [ ../src/mpr/mpr.h -nt ${OUT_DIR}/inc/mpr.h ] ; then
cp ../src/mpr/mpr.h ${OUT_DIR}/inc/mpr.h
fi
if [ ../src/osdep/osdep.h -nt ${OUT_DIR}/inc/osdep.h ] ; then
cp ../src/osdep/osdep.h ${OUT_DIR}/inc/osdep.h
fi
if [ ../src/pcre/pcre.h -nt ${OUT_DIR}/inc/pcre.h ] ; then
cp ../src/pcre/pcre.h ${OUT_DIR}/inc/pcre.h
fi
if [ ../src/sqlite/sqlite3.h -nt ${OUT_DIR}/inc/sqlite3.h ] ; then
cp ../src/sqlite/sqlite3.h ${OUT_DIR}/inc/sqlite3.h
fi
if [ ../src/edi.h -nt ${OUT_DIR}/inc/edi.h ] ; then
cp ../src/edi.h ${OUT_DIR}/inc/edi.h
fi
if [ ../src/esp.h -nt ${OUT_DIR}/inc/esp.h ] ; then
cp ../src/esp.h ${OUT_DIR}/inc/esp.h
fi
if [ ../src/mdb.h -nt ${OUT_DIR}/inc/mdb.h ] ; then
cp ../src/mdb.h ${OUT_DIR}/inc/mdb.h
fi
if [ ../src/http/http.h -nt ${OUT_DIR}/inc/http.h ] ; then
cp ../src/http/http.h ${OUT_DIR}/inc/http.h
fi
if [ ../src/mpr/mpr.h -nt ${OUT_DIR}/inc/mpr.h ] ; then
cp ../src/mpr/mpr.h ${OUT_DIR}/inc/mpr.h
fi
if [ ../src/mpr-version/mpr-version.h -nt ${OUT_DIR}/inc/mpr-version.h ] ; then
cp ../src/mpr-version/mpr-version.h ${OUT_DIR}/inc/mpr-version.h
fi
if [ ../src/pcre/pcre.h -nt ${OUT_DIR}/inc/pcre.h ] ; then
cp ../src/pcre/pcre.h ${OUT_DIR}/inc/pcre.h
fi
if [ ../src/sqlite/sqlite3.h -nt ${OUT_DIR}/inc/sqlite3.h ] ; then
cp ../src/sqlite/sqlite3.h ${OUT_DIR}/inc/sqlite3.h
fi";
    		};
/* End PBXShellScriptBuildPhase section */

    /* Begin PBXProject section */
    		0CD439B20CD453B000000001 /* Project object */ = {
    			isa = PBXProject;
    			attributes = {
    				LastUpgradeCheck = 0430;
    				ORGANIZATIONNAME = "embedthis";
    			};
    			buildConfigurationList = 0CD439B20CD453B000000002 /* Build configuration list for PBXProject "esp" */;
    			compatibilityVersion = "Xcode 3.2";
    			developmentRegion = English;
    			hasScannedForEncodings = 0;
    			knownRegions = (
    				en,
    			);
    			mainGroup = 0CD439B20CD453B0000000AC;
    			productRefGroup = 0CD439B20CD453B0000000B6 /* Products */;
    			projectDirPath = "";
    			projectRoot = "";
    			targets = (
				0CD439B20CD453B00000000E /* All */,
				0CD439B20CD453B00000001D /* Prep */,
				0CD439B20CD453B00000006C /* libesp */,
				0CD439B20CD453B000000068 /* libhttp */,
				0CD439B20CD453B000000064 /* libmpr */,
				0CD439B20CD453B000000062 /* libmpr-openssl */,
				0CD439B20CD453B00000006A /* libmpr-version */,
				0CD439B20CD453B000000066 /* libpcre */,
				0CD439B20CD453B000000060 /* libsql */,
				0CD439B20CD453B00000008F /* espcmd */,
				0CD439B20CD453B000000093 /* watchdog */,
				0CD439B20CD453B000000006 /* extras */,
				0CD439B20CD453B00000000A /* install-certs */,
			);
    		};
    /* End PBXProject section */

/* Begin PBXSourcesBuildPhase section */
		0CD439B20CD453B0000000B7 /* espcmd Sources */ = {
    			isa = PBXSourcesBuildPhase;
    			buildActionMask = 2147483647;
    			files = (
    				0CD439B20CD453B00000001F /* esp.c in Sources */,
    			);
    			runOnlyForDeploymentPostprocessing = 0;
    		};
		0CD439B20CD453B0000000C1 /* libesp Sources */ = {
    			isa = PBXSourcesBuildPhase;
    			buildActionMask = 2147483647;
    			files = (
    				0CD439B20CD453B000000021 /* edi.c in Sources */,
				0CD439B20CD453B000000023 /* espAbbrev.c in Sources */,
				0CD439B20CD453B000000025 /* espConfig.c in Sources */,
				0CD439B20CD453B000000027 /* espFramework.c in Sources */,
				0CD439B20CD453B000000029 /* espHtml.c in Sources */,
				0CD439B20CD453B00000002B /* espRequest.c in Sources */,
				0CD439B20CD453B00000002D /* espTemplate.c in Sources */,
				0CD439B20CD453B00000002F /* mdb.c in Sources */,
				0CD439B20CD453B000000031 /* sdb.c in Sources */,
    			);
    			runOnlyForDeploymentPostprocessing = 0;
    		};
		0CD439B20CD453B0000000CA /* libhttp Sources */ = {
    			isa = PBXSourcesBuildPhase;
    			buildActionMask = 2147483647;
    			files = (
    				0CD439B20CD453B000000033 /* httpLib.c in Sources */,
    			);
    			runOnlyForDeploymentPostprocessing = 0;
    		};
		0CD439B20CD453B0000000D0 /* libmpr Sources */ = {
    			isa = PBXSourcesBuildPhase;
    			buildActionMask = 2147483647;
    			files = (
    				0CD439B20CD453B000000035 /* mprLib.c in Sources */,
    			);
    			runOnlyForDeploymentPostprocessing = 0;
    		};
		0CD439B20CD453B0000000D4 /* libmpr-openssl Sources */ = {
    			isa = PBXSourcesBuildPhase;
    			buildActionMask = 2147483647;
    			files = (
    				0CD439B20CD453B000000037 /* mpr-openssl.c in Sources */,
    			);
    			runOnlyForDeploymentPostprocessing = 0;
    		};
		0CD439B20CD453B0000000D7 /* libmpr-version Sources */ = {
    			isa = PBXSourcesBuildPhase;
    			buildActionMask = 2147483647;
    			files = (
    				0CD439B20CD453B000000039 /* mpr-version.c in Sources */,
    			);
    			runOnlyForDeploymentPostprocessing = 0;
    		};
		0CD439B20CD453B0000000DD /* libpcre Sources */ = {
    			isa = PBXSourcesBuildPhase;
    			buildActionMask = 2147483647;
    			files = (
    				0CD439B20CD453B00000003B /* pcre.c in Sources */,
    			);
    			runOnlyForDeploymentPostprocessing = 0;
    		};
		0CD439B20CD453B0000000E0 /* libsql Sources */ = {
    			isa = PBXSourcesBuildPhase;
    			buildActionMask = 2147483647;
    			files = (
    				0CD439B20CD453B00000003D /* sqlite3.c in Sources */,
    			);
    			runOnlyForDeploymentPostprocessing = 0;
    		};
		0CD439B20CD453B0000000E3 /* watchdog Sources */ = {
    			isa = PBXSourcesBuildPhase;
    			buildActionMask = 2147483647;
    			files = (
    				0CD439B20CD453B00000003F /* watchdog.c in Sources */,
    			);
    			runOnlyForDeploymentPostprocessing = 0;
    		};
/* End PBXSourcesBuildPhase section */

/* Begin PBXTargetDependency section */
		0CD439B20CD453B0000000B9 /* PBXTargetDependency espcmd depends on Prep */ = {
    			isa = PBXTargetDependency;
    			target = 0CD439B20CD453B00000001D /* Prep */;
    			targetProxy = 0CD439B20CD453B00000005E /* PBXContainerItemProxy */;
    		};
		0CD439B20CD453B0000000BA /* PBXTargetDependency espcmd depends on libsql */ = {
    			isa = PBXTargetDependency;
    			target = 0CD439B20CD453B000000060 /* libsql */;
    			targetProxy = 0CD439B20CD453B00000005F /* PBXContainerItemProxy */;
    		};
		0CD439B20CD453B0000000BB /* PBXTargetDependency espcmd depends on libmpr-openssl */ = {
    			isa = PBXTargetDependency;
    			target = 0CD439B20CD453B000000062 /* libmpr-openssl */;
    			targetProxy = 0CD439B20CD453B000000061 /* PBXContainerItemProxy */;
    		};
		0CD439B20CD453B0000000BC /* PBXTargetDependency espcmd depends on libmpr */ = {
    			isa = PBXTargetDependency;
    			target = 0CD439B20CD453B000000064 /* libmpr */;
    			targetProxy = 0CD439B20CD453B000000063 /* PBXContainerItemProxy */;
    		};
		0CD439B20CD453B0000000BD /* PBXTargetDependency espcmd depends on libpcre */ = {
    			isa = PBXTargetDependency;
    			target = 0CD439B20CD453B000000066 /* libpcre */;
    			targetProxy = 0CD439B20CD453B000000065 /* PBXContainerItemProxy */;
    		};
		0CD439B20CD453B0000000BE /* PBXTargetDependency espcmd depends on libhttp */ = {
    			isa = PBXTargetDependency;
    			target = 0CD439B20CD453B000000068 /* libhttp */;
    			targetProxy = 0CD439B20CD453B000000067 /* PBXContainerItemProxy */;
    		};
		0CD439B20CD453B0000000BF /* PBXTargetDependency espcmd depends on libmpr-version */ = {
    			isa = PBXTargetDependency;
    			target = 0CD439B20CD453B00000006A /* libmpr-version */;
    			targetProxy = 0CD439B20CD453B000000069 /* PBXContainerItemProxy */;
    		};
		0CD439B20CD453B0000000C0 /* PBXTargetDependency espcmd depends on libesp */ = {
    			isa = PBXTargetDependency;
    			target = 0CD439B20CD453B00000006C /* libesp */;
    			targetProxy = 0CD439B20CD453B00000006B /* PBXContainerItemProxy */;
    		};
		0CD439B20CD453B000000008 /* PBXTargetDependency extras depends on Prep */ = {
    			isa = PBXTargetDependency;
    			target = 0CD439B20CD453B00000001D /* Prep */;
    			targetProxy = 0CD439B20CD453B00000006D /* PBXContainerItemProxy */;
    		};
		0CD439B20CD453B00000000C /* PBXTargetDependency install-certs depends on Prep */ = {
    			isa = PBXTargetDependency;
    			target = 0CD439B20CD453B00000001D /* Prep */;
    			targetProxy = 0CD439B20CD453B00000006E /* PBXContainerItemProxy */;
    		};
		0CD439B20CD453B0000000C3 /* PBXTargetDependency libesp depends on Prep */ = {
    			isa = PBXTargetDependency;
    			target = 0CD439B20CD453B00000001D /* Prep */;
    			targetProxy = 0CD439B20CD453B00000006F /* PBXContainerItemProxy */;
    		};
		0CD439B20CD453B0000000C4 /* PBXTargetDependency libesp depends on libsql */ = {
    			isa = PBXTargetDependency;
    			target = 0CD439B20CD453B000000060 /* libsql */;
    			targetProxy = 0CD439B20CD453B000000070 /* PBXContainerItemProxy */;
    		};
		0CD439B20CD453B0000000C5 /* PBXTargetDependency libesp depends on libmpr-openssl */ = {
    			isa = PBXTargetDependency;
    			target = 0CD439B20CD453B000000062 /* libmpr-openssl */;
    			targetProxy = 0CD439B20CD453B000000071 /* PBXContainerItemProxy */;
    		};
		0CD439B20CD453B0000000C6 /* PBXTargetDependency libesp depends on libmpr */ = {
    			isa = PBXTargetDependency;
    			target = 0CD439B20CD453B000000064 /* libmpr */;
    			targetProxy = 0CD439B20CD453B000000072 /* PBXContainerItemProxy */;
    		};
		0CD439B20CD453B0000000C7 /* PBXTargetDependency libesp depends on libpcre */ = {
    			isa = PBXTargetDependency;
    			target = 0CD439B20CD453B000000066 /* libpcre */;
    			targetProxy = 0CD439B20CD453B000000073 /* PBXContainerItemProxy */;
    		};
		0CD439B20CD453B0000000C8 /* PBXTargetDependency libesp depends on libhttp */ = {
    			isa = PBXTargetDependency;
    			target = 0CD439B20CD453B000000068 /* libhttp */;
    			targetProxy = 0CD439B20CD453B000000074 /* PBXContainerItemProxy */;
    		};
		0CD439B20CD453B0000000C9 /* PBXTargetDependency libesp depends on libmpr-version */ = {
    			isa = PBXTargetDependency;
    			target = 0CD439B20CD453B00000006A /* libmpr-version */;
    			targetProxy = 0CD439B20CD453B000000075 /* PBXContainerItemProxy */;
    		};
		0CD439B20CD453B0000000CC /* PBXTargetDependency libhttp depends on Prep */ = {
    			isa = PBXTargetDependency;
    			target = 0CD439B20CD453B00000001D /* Prep */;
    			targetProxy = 0CD439B20CD453B000000076 /* PBXContainerItemProxy */;
    		};
		0CD439B20CD453B0000000CD /* PBXTargetDependency libhttp depends on libmpr-openssl */ = {
    			isa = PBXTargetDependency;
    			target = 0CD439B20CD453B000000062 /* libmpr-openssl */;
    			targetProxy = 0CD439B20CD453B000000077 /* PBXContainerItemProxy */;
    		};
		0CD439B20CD453B0000000CE /* PBXTargetDependency libhttp depends on libmpr */ = {
    			isa = PBXTargetDependency;
    			target = 0CD439B20CD453B000000064 /* libmpr */;
    			targetProxy = 0CD439B20CD453B000000078 /* PBXContainerItemProxy */;
    		};
		0CD439B20CD453B0000000CF /* PBXTargetDependency libhttp depends on libpcre */ = {
    			isa = PBXTargetDependency;
    			target = 0CD439B20CD453B000000066 /* libpcre */;
    			targetProxy = 0CD439B20CD453B000000079 /* PBXContainerItemProxy */;
    		};
		0CD439B20CD453B0000000D2 /* PBXTargetDependency libmpr depends on Prep */ = {
    			isa = PBXTargetDependency;
    			target = 0CD439B20CD453B00000001D /* Prep */;
    			targetProxy = 0CD439B20CD453B00000007A /* PBXContainerItemProxy */;
    		};
		0CD439B20CD453B0000000D3 /* PBXTargetDependency libmpr depends on libmpr-openssl */ = {
    			isa = PBXTargetDependency;
    			target = 0CD439B20CD453B000000062 /* libmpr-openssl */;
    			targetProxy = 0CD439B20CD453B00000007B /* PBXContainerItemProxy */;
    		};
		0CD439B20CD453B0000000D6 /* PBXTargetDependency libmpr-openssl depends on Prep */ = {
    			isa = PBXTargetDependency;
    			target = 0CD439B20CD453B00000001D /* Prep */;
    			targetProxy = 0CD439B20CD453B00000007C /* PBXContainerItemProxy */;
    		};
		0CD439B20CD453B0000000D9 /* PBXTargetDependency libmpr-version depends on Prep */ = {
    			isa = PBXTargetDependency;
    			target = 0CD439B20CD453B00000001D /* Prep */;
    			targetProxy = 0CD439B20CD453B00000007D /* PBXContainerItemProxy */;
    		};
		0CD439B20CD453B0000000DA /* PBXTargetDependency libmpr-version depends on libmpr-openssl */ = {
    			isa = PBXTargetDependency;
    			target = 0CD439B20CD453B000000062 /* libmpr-openssl */;
    			targetProxy = 0CD439B20CD453B00000007E /* PBXContainerItemProxy */;
    		};
		0CD439B20CD453B0000000DB /* PBXTargetDependency libmpr-version depends on libmpr */ = {
    			isa = PBXTargetDependency;
    			target = 0CD439B20CD453B000000064 /* libmpr */;
    			targetProxy = 0CD439B20CD453B00000007F /* PBXContainerItemProxy */;
    		};
		0CD439B20CD453B0000000DC /* PBXTargetDependency libmpr-version depends on libpcre */ = {
    			isa = PBXTargetDependency;
    			target = 0CD439B20CD453B000000066 /* libpcre */;
    			targetProxy = 0CD439B20CD453B000000080 /* PBXContainerItemProxy */;
    		};
		0CD439B20CD453B0000000DF /* PBXTargetDependency libpcre depends on Prep */ = {
    			isa = PBXTargetDependency;
    			target = 0CD439B20CD453B00000001D /* Prep */;
    			targetProxy = 0CD439B20CD453B000000081 /* PBXContainerItemProxy */;
    		};
		0CD439B20CD453B0000000E2 /* PBXTargetDependency libsql depends on Prep */ = {
    			isa = PBXTargetDependency;
    			target = 0CD439B20CD453B00000001D /* Prep */;
    			targetProxy = 0CD439B20CD453B000000082 /* PBXContainerItemProxy */;
    		};
		0CD439B20CD453B0000000E5 /* PBXTargetDependency watchdog depends on Prep */ = {
    			isa = PBXTargetDependency;
    			target = 0CD439B20CD453B00000001D /* Prep */;
    			targetProxy = 0CD439B20CD453B000000083 /* PBXContainerItemProxy */;
    		};
		0CD439B20CD453B0000000E6 /* PBXTargetDependency watchdog depends on libmpr-openssl */ = {
    			isa = PBXTargetDependency;
    			target = 0CD439B20CD453B000000062 /* libmpr-openssl */;
    			targetProxy = 0CD439B20CD453B000000084 /* PBXContainerItemProxy */;
    		};
		0CD439B20CD453B0000000E7 /* PBXTargetDependency watchdog depends on libmpr */ = {
    			isa = PBXTargetDependency;
    			target = 0CD439B20CD453B000000064 /* libmpr */;
    			targetProxy = 0CD439B20CD453B000000085 /* PBXContainerItemProxy */;
    		};
		0CD439B20CD453B00000001B /* PBXTargetDependency All depends on Prep */ = {
    			isa = PBXTargetDependency;
    			target = 0CD439B20CD453B00000001D /* Prep */;
    			targetProxy = 0CD439B20CD453B000000086 /* PBXContainerItemProxy */;
    		};
		0CD439B20CD453B000000018 /* PBXTargetDependency All depends on libsql */ = {
    			isa = PBXTargetDependency;
    			target = 0CD439B20CD453B000000060 /* libsql */;
    			targetProxy = 0CD439B20CD453B000000087 /* PBXContainerItemProxy */;
    		};
		0CD439B20CD453B000000015 /* PBXTargetDependency All depends on libmpr-openssl */ = {
    			isa = PBXTargetDependency;
    			target = 0CD439B20CD453B000000062 /* libmpr-openssl */;
    			targetProxy = 0CD439B20CD453B000000088 /* PBXContainerItemProxy */;
    		};
		0CD439B20CD453B000000014 /* PBXTargetDependency All depends on libmpr */ = {
    			isa = PBXTargetDependency;
    			target = 0CD439B20CD453B000000064 /* libmpr */;
    			targetProxy = 0CD439B20CD453B000000089 /* PBXContainerItemProxy */;
    		};
		0CD439B20CD453B000000017 /* PBXTargetDependency All depends on libpcre */ = {
    			isa = PBXTargetDependency;
    			target = 0CD439B20CD453B000000066 /* libpcre */;
    			targetProxy = 0CD439B20CD453B00000008A /* PBXContainerItemProxy */;
    		};
		0CD439B20CD453B000000013 /* PBXTargetDependency All depends on libhttp */ = {
    			isa = PBXTargetDependency;
    			target = 0CD439B20CD453B000000068 /* libhttp */;
    			targetProxy = 0CD439B20CD453B00000008B /* PBXContainerItemProxy */;
    		};
		0CD439B20CD453B000000016 /* PBXTargetDependency All depends on libmpr-version */ = {
    			isa = PBXTargetDependency;
    			target = 0CD439B20CD453B00000006A /* libmpr-version */;
    			targetProxy = 0CD439B20CD453B00000008C /* PBXContainerItemProxy */;
    		};
		0CD439B20CD453B000000012 /* PBXTargetDependency All depends on libesp */ = {
    			isa = PBXTargetDependency;
    			target = 0CD439B20CD453B00000006C /* libesp */;
    			targetProxy = 0CD439B20CD453B00000008D /* PBXContainerItemProxy */;
    		};
		0CD439B20CD453B00000000F /* PBXTargetDependency All depends on espcmd */ = {
    			isa = PBXTargetDependency;
    			target = 0CD439B20CD453B00000008F /* espcmd */;
    			targetProxy = 0CD439B20CD453B00000008E /* PBXContainerItemProxy */;
    		};
		0CD439B20CD453B000000010 /* PBXTargetDependency All depends on extras */ = {
    			isa = PBXTargetDependency;
    			target = 0CD439B20CD453B000000006 /* extras */;
    			targetProxy = 0CD439B20CD453B000000090 /* PBXContainerItemProxy */;
    		};
		0CD439B20CD453B000000011 /* PBXTargetDependency All depends on install-certs */ = {
    			isa = PBXTargetDependency;
    			target = 0CD439B20CD453B00000000A /* install-certs */;
    			targetProxy = 0CD439B20CD453B000000091 /* PBXContainerItemProxy */;
    		};
		0CD439B20CD453B000000019 /* PBXTargetDependency All depends on watchdog */ = {
    			isa = PBXTargetDependency;
    			target = 0CD439B20CD453B000000093 /* watchdog */;
    			targetProxy = 0CD439B20CD453B000000092 /* PBXContainerItemProxy */;
    		};
/* End PBXTargetDependency section */

    /* Begin XCBuildConfiguration section */
    		0CD439B20CD453B000000003 /* Debug */ = {
    			isa = XCBuildConfiguration;
    			buildSettings = {
    ME_COM_OPENSSL_PATH = "";

                    /* Common Settings */
                    COMBINE_HIDPI_IMAGES = YES;
    				ALWAYS_SEARCH_USER_PATHS = NO;
                    ONLY_ACTIVE_ARCH = YES;
                    CURRENT_PROJECT_VERSION = 6.0;
                    DYLIB_COMPATIBILITY_VERSION = "$(CURRENT_PROJECT_VERSION)";
                    DYLIB_CURRENT_VERSION = "$(CURRENT_PROJECT_VERSION)";

    				GCC_C_LANGUAGE_STANDARD = gnu99;
    				GCC_VERSION = com.apple.compilers.llvm.clang.1_0;
    				GCC_WARN_ABOUT_RETURN_TYPE = YES;

GCC_NO_COMMON_BLOCKS = YES;
GCC_WARN_64_TO_32_BIT_CONVERSION = YES;
GCC_WARN_UNDECLARED_SELECTOR = YES;
CLANG_WARN_BOOL_CONVERSION = YES;
CLANG_WARN_CONSTANT_CONVERSION = YES;
CLANG_WARN_EMPTY_BODY = YES;
CLANG_WARN_ENUM_CONVERSION = YES;
CLANG_WARN_INT_CONVERSION = YES;
CLANG_WARN_UNREACHABLE_CODE = YES;
CLANG_WARN__DUPLICATE_METHOD_MATCH = YES;
ENABLE_STRICT_OBJC_MSGSEND = YES;
ENABLE_TESTABILITY = YES;

                    LD_DYLIB_INSTALL_NAME = "@rpath/$(EXECUTABLE_PATH)";
    				MACOSX_DEPLOYMENT_TARGET = 10.10;
    				SDKROOT = macosx;

                    OUT_DIR = "../build/macosx-x64-default";
                    BIN_DIR = "../build/macosx-x64-default/bin";
                    LIB_DIR = "../src";
                    INC_DIR = "../build/macosx-x64-default/inc";
                    OBJ_DIR = "../build/macosx-x64-default/obj";
                    SRC_DIR = "../src";

                    CONFIGURATION_TEMP_DIR = "$(OBJ_DIR)/esp-xcode/$(CONFIGURATION)";
                    CONFIGURATION_BUILD_DIR = "$(BIN_DIR)";
                    INSTALL_PATH = "/usr/lib/esp";
                    DSTROOT = "/tmp/esp.dst";
                    OBJROOT = "$(OBJ_DIR)";
                    SYMROOT = "$(BIN_DIR)";
    				GCC_WARN_64_TO_32_ME_CONVERSION = YES;
				GCC_WARN_64_TO_32_ME_CONVERSION = YES;
				GCC_WARN_UNUSED_VARIABLE = NO;
				GCC_WARN_UNUSED_FUNCTION = NO;
				GCC_WARN_UNUSED_LABEL = NO;
				GCC_WARN_64_TO_32_ME_CONVERSION = YES;
				GCC_WARN_64_TO_32_ME_CONVERSION = YES;
				GCC_WARN_UNUSED_VARIABLE = NO;
				GCC_WARN_UNUSED_FUNCTION = NO;
				GCC_WARN_UNUSED_LABEL = NO;

                    /* Debug Settings */
    				COPY_PHASE_STRIP = NO;
    				GCC_OPTIMIZATION_LEVEL = 0;
    				GCC_SYMBOLS_PRIVATE_EXTERN = NO;
    				HEADER_SEARCH_PATHS = (
					"../build/macosx-x64-default/inc",
					"$(inherited)"
				);
				GCC_PREPROCESSOR_DEFINITIONS = (
					"ME_DEBUG",
					"$(inherited)"
				);
				LIBRARY_SEARCH_PATHS = (
					"../build/macosx-x64-default/bin",
					"$(inherited)"
				);
				OTHER_LDFLAGS = (
					"-Wl,-rpath,@executable_path/",
					"-Wl,-rpath,@loader_path/",
					"-ldl",
					"-lpthread",
					"-lm",
					"$(inherited)"
				);

    			};
    			name = Debug;
    		};
    		0CD439B20CD453B000000004 /* Release */ = {
    			isa = XCBuildConfiguration;
    			buildSettings = {
    ME_COM_OPENSSL_PATH = "";

                    /* Common Settings */
                    COMBINE_HIDPI_IMAGES = YES;
    				ALWAYS_SEARCH_USER_PATHS = NO;
                    ONLY_ACTIVE_ARCH = YES;
                    CURRENT_PROJECT_VERSION = 6.0;
                    DYLIB_COMPATIBILITY_VERSION = "$(CURRENT_PROJECT_VERSION)";
                    DYLIB_CURRENT_VERSION = "$(CURRENT_PROJECT_VERSION)";

    				GCC_C_LANGUAGE_STANDARD = gnu99;
    				GCC_VERSION = com.apple.compilers.llvm.clang.1_0;
    				GCC_WARN_ABOUT_RETURN_TYPE = YES;

GCC_NO_COMMON_BLOCKS = YES;
GCC_WARN_64_TO_32_BIT_CONVERSION = YES;
GCC_WARN_UNDECLARED_SELECTOR = YES;
CLANG_WARN_BOOL_CONVERSION = YES;
CLANG_WARN_CONSTANT_CONVERSION = YES;
CLANG_WARN_EMPTY_BODY = YES;
CLANG_WARN_ENUM_CONVERSION = YES;
CLANG_WARN_INT_CONVERSION = YES;
CLANG_WARN_UNREACHABLE_CODE = YES;
CLANG_WARN__DUPLICATE_METHOD_MATCH = YES;
ENABLE_STRICT_OBJC_MSGSEND = YES;
ENABLE_TESTABILITY = YES;

                    LD_DYLIB_INSTALL_NAME = "@rpath/$(EXECUTABLE_PATH)";
    				MACOSX_DEPLOYMENT_TARGET = 10.10;
    				SDKROOT = macosx;

                    OUT_DIR = "../build/macosx-x64-default";
                    BIN_DIR = "../build/macosx-x64-default/bin";
                    LIB_DIR = "../src";
                    INC_DIR = "../build/macosx-x64-default/inc";
                    OBJ_DIR = "../build/macosx-x64-default/obj";
                    SRC_DIR = "../src";

                    CONFIGURATION_TEMP_DIR = "$(OBJ_DIR)/esp-xcode/$(CONFIGURATION)";
                    CONFIGURATION_BUILD_DIR = "$(BIN_DIR)";
                    INSTALL_PATH = "/usr/lib/esp";
                    DSTROOT = "/tmp/esp.dst";
                    OBJROOT = "$(OBJ_DIR)";
                    SYMROOT = "$(BIN_DIR)";
    				GCC_WARN_64_TO_32_ME_CONVERSION = YES;
				GCC_WARN_64_TO_32_ME_CONVERSION = YES;
				GCC_WARN_UNUSED_VARIABLE = NO;
				GCC_WARN_UNUSED_FUNCTION = NO;
				GCC_WARN_UNUSED_LABEL = NO;
				GCC_WARN_64_TO_32_ME_CONVERSION = YES;
				GCC_WARN_64_TO_32_ME_CONVERSION = YES;
				GCC_WARN_UNUSED_VARIABLE = NO;
				GCC_WARN_UNUSED_FUNCTION = NO;
				GCC_WARN_UNUSED_LABEL = NO;

                    /* Release Settings */
    				COPY_PHASE_STRIP = YES;
    				DEBUG_INFORMATION_FORMAT = "dwarf-with-dsym";
    				GCC_OPTIMIZATION_LEVEL = s;
                    GCC_WARN_UNINITIALIZED_AUTOS = NO;
    				HEADER_SEARCH_PATHS = (
					"../build/macosx-x64-default/inc",
					"$(inherited)"
				);

				LIBRARY_SEARCH_PATHS = (
					"../build/macosx-x64-default/bin",
					"$(inherited)"
				);
				OTHER_LDFLAGS = (
					"-Wl,-rpath,@executable_path/",
					"-Wl,-rpath,@loader_path/",
					"-ldl",
					"-lpthread",
					"-lm",
					"$(inherited)"
				);

    			};
    			name = Release;
    		};
		0CD439B20CD453B0000000E8 /* Debug */ = {
    			isa = XCBuildConfiguration;
    			buildSettings = {
    				PRODUCT_NAME = esp;
    
    				HEADER_SEARCH_PATHS = (
					"$(ME_COM_OPENSSL_PATH)/include",
					"$(inherited)"
				);
				GCC_PREPROCESSOR_DEFINITIONS = (
					"ME_DEBUG",
					"$(inherited)"
				);
				LIBRARY_SEARCH_PATHS = (
					"$(ME_COM_OPENSSL_PATH)",
					"$(inherited)"
				);
				OTHER_LDFLAGS = (
					"-lpam",
					"-lssl",
					"-lcrypto",
					"$(inherited)"
				);

    			};
    			name = Debug;
    		};
    		0CD439B20CD453B0000000E9 /* Release */ = {
    			isa = XCBuildConfiguration;
    			buildSettings = {
    				PRODUCT_NAME = esp;
    
    				HEADER_SEARCH_PATHS = (
					"$(ME_COM_OPENSSL_PATH)/include",
					"$(inherited)"
				);

				LIBRARY_SEARCH_PATHS = (
					"$(ME_COM_OPENSSL_PATH)",
					"$(inherited)"
				);
				OTHER_LDFLAGS = (
					"-lpam",
					"-lssl",
					"-lcrypto",
					"$(inherited)"
				);

    			};
    			name = Release;
    		};
		0CD439B20CD453B0000000EA /* Debug */ = {
    			isa = XCBuildConfiguration;
    			buildSettings = {
    				PRODUCT_NAME = extras;
    
    				GCC_PREPROCESSOR_DEFINITIONS = (
					"ME_DEBUG",
					"$(inherited)"
				);
    			};
    			name = Debug;
    		};
    		0CD439B20CD453B0000000EB /* Release */ = {
    			isa = XCBuildConfiguration;
    			buildSettings = {
    				PRODUCT_NAME = extras;
    
    
    			};
    			name = Release;
    		};
		0CD439B20CD453B0000000EC /* Debug */ = {
    			isa = XCBuildConfiguration;
    			buildSettings = {
    				PRODUCT_NAME = install-certs;
    
    				GCC_PREPROCESSOR_DEFINITIONS = (
					"ME_DEBUG",
					"$(inherited)"
				);
    			};
    			name = Debug;
    		};
    		0CD439B20CD453B0000000ED /* Release */ = {
    			isa = XCBuildConfiguration;
    			buildSettings = {
    				PRODUCT_NAME = install-certs;
    
    
    			};
    			name = Release;
    		};
		0CD439B20CD453B0000000EE /* Debug */ = {
    			isa = XCBuildConfiguration;
    			buildSettings = {
    				PRODUCT_NAME = libesp;
    
    				HEADER_SEARCH_PATHS = (
					"$(ME_COM_OPENSSL_PATH)/include",
					"$(inherited)"
				);
				GCC_PREPROCESSOR_DEFINITIONS = (
					"ME_DEBUG",
					"$(inherited)"
				);
				LIBRARY_SEARCH_PATHS = (
					"$(ME_COM_OPENSSL_PATH)",
					"$(inherited)"
				);
				OTHER_LDFLAGS = (
					"-lpam",
					"-lssl",
					"-lcrypto",
					"$(inherited)"
				);

    			};
    			name = Debug;
    		};
    		0CD439B20CD453B0000000EF /* Release */ = {
    			isa = XCBuildConfiguration;
    			buildSettings = {
    				PRODUCT_NAME = libesp;
    
    				HEADER_SEARCH_PATHS = (
					"$(ME_COM_OPENSSL_PATH)/include",
					"$(inherited)"
				);

				LIBRARY_SEARCH_PATHS = (
					"$(ME_COM_OPENSSL_PATH)",
					"$(inherited)"
				);
				OTHER_LDFLAGS = (
					"-lpam",
					"-lssl",
					"-lcrypto",
					"$(inherited)"
				);

    			};
    			name = Release;
    		};
		0CD439B20CD453B0000000F0 /* Debug */ = {
    			isa = XCBuildConfiguration;
    			buildSettings = {
    				PRODUCT_NAME = libhttp;
    
    				HEADER_SEARCH_PATHS = (
					"$(ME_COM_OPENSSL_PATH)/include",
					"$(inherited)"
				);
				GCC_PREPROCESSOR_DEFINITIONS = (
					"ME_DEBUG",
					"$(inherited)"
				);
				LIBRARY_SEARCH_PATHS = (
					"$(ME_COM_OPENSSL_PATH)",
					"$(inherited)"
				);
				OTHER_LDFLAGS = (
					"-lpam",
					"-lssl",
					"-lcrypto",
					"$(inherited)"
				);

    			};
    			name = Debug;
    		};
    		0CD439B20CD453B0000000F1 /* Release */ = {
    			isa = XCBuildConfiguration;
    			buildSettings = {
    				PRODUCT_NAME = libhttp;
    
    				HEADER_SEARCH_PATHS = (
					"$(ME_COM_OPENSSL_PATH)/include",
					"$(inherited)"
				);

				LIBRARY_SEARCH_PATHS = (
					"$(ME_COM_OPENSSL_PATH)",
					"$(inherited)"
				);
				OTHER_LDFLAGS = (
					"-lpam",
					"-lssl",
					"-lcrypto",
					"$(inherited)"
				);

    			};
    			name = Release;
    		};
		0CD439B20CD453B0000000F2 /* Debug */ = {
    			isa = XCBuildConfiguration;
    			buildSettings = {
    				PRODUCT_NAME = libmpr;
    
    				HEADER_SEARCH_PATHS = (
					"$(ME_COM_OPENSSL_PATH)/include",
					"$(inherited)"
				);
				GCC_PREPROCESSOR_DEFINITIONS = (
					"ME_DEBUG",
					"$(inherited)"
				);
				LIBRARY_SEARCH_PATHS = (
					"$(ME_COM_OPENSSL_PATH)",
					"$(inherited)"
				);
				OTHER_LDFLAGS = (
					"-lssl",
					"-lcrypto",
					"$(inherited)"
				);

    			};
    			name = Debug;
    		};
    		0CD439B20CD453B0000000F3 /* Release */ = {
    			isa = XCBuildConfiguration;
    			buildSettings = {
    				PRODUCT_NAME = libmpr;
    
    				HEADER_SEARCH_PATHS = (
					"$(ME_COM_OPENSSL_PATH)/include",
					"$(inherited)"
				);

				LIBRARY_SEARCH_PATHS = (
					"$(ME_COM_OPENSSL_PATH)",
					"$(inherited)"
				);
				OTHER_LDFLAGS = (
					"-lssl",
					"-lcrypto",
					"$(inherited)"
				);

    			};
    			name = Release;
    		};
		0CD439B20CD453B0000000F4 /* Debug */ = {
    			isa = XCBuildConfiguration;
    			buildSettings = {
    				PRODUCT_NAME = libmpr-openssl;
    				EXECUTABLE_EXTENSION = a;

    				HEADER_SEARCH_PATHS = (
					"../build/macosx-x64-default/inc",
					"$(ME_COM_OPENSSL_PATH)/include",
					"$(inherited)"
				);
				GCC_PREPROCESSOR_DEFINITIONS = (
					"ME_DEBUG",
					"$(inherited)"
				);
				LIBRARY_SEARCH_PATHS = (
					"$(ME_COM_OPENSSL_PATH)",
					"$(inherited)"
				);
				OTHER_LDFLAGS = (
					"",
					"",
					);

				MACH_O_TYPE = staticlib;

    			};
    			name = Debug;
    		};
    		0CD439B20CD453B0000000F5 /* Release */ = {
    			isa = XCBuildConfiguration;
    			buildSettings = {
    				PRODUCT_NAME = libmpr-openssl;
    				EXECUTABLE_EXTENSION = a;

    				HEADER_SEARCH_PATHS = (
					"../build/macosx-x64-default/inc",
					"$(ME_COM_OPENSSL_PATH)/include",
					"$(inherited)"
				);

				LIBRARY_SEARCH_PATHS = (
					"$(ME_COM_OPENSSL_PATH)",
					"$(inherited)"
				);
				OTHER_LDFLAGS = (
					"",
					"",
					);

				MACH_O_TYPE = staticlib;

    			};
    			name = Release;
    		};
		0CD439B20CD453B0000000F6 /* Debug */ = {
    			isa = XCBuildConfiguration;
    			buildSettings = {
    				PRODUCT_NAME = libmpr-version;
    				EXECUTABLE_EXTENSION = a;

    				HEADER_SEARCH_PATHS = (
					"$(ME_COM_OPENSSL_PATH)/include",
					"$(inherited)"
				);
				GCC_PREPROCESSOR_DEFINITIONS = (
					"ME_DEBUG",
					"$(inherited)"
				);
				LIBRARY_SEARCH_PATHS = (
					"$(ME_COM_OPENSSL_PATH)",
					"$(inherited)"
				);
				OTHER_LDFLAGS = (
					"",
					"",
					);

				MACH_O_TYPE = staticlib;

    			};
    			name = Debug;
    		};
    		0CD439B20CD453B0000000F7 /* Release */ = {
    			isa = XCBuildConfiguration;
    			buildSettings = {
    				PRODUCT_NAME = libmpr-version;
    				EXECUTABLE_EXTENSION = a;

    				HEADER_SEARCH_PATHS = (
					"$(ME_COM_OPENSSL_PATH)/include",
					"$(inherited)"
				);

				LIBRARY_SEARCH_PATHS = (
					"$(ME_COM_OPENSSL_PATH)",
					"$(inherited)"
				);
				OTHER_LDFLAGS = (
					"",
					"",
					);

				MACH_O_TYPE = staticlib;

    			};
    			name = Release;
    		};
		0CD439B20CD453B0000000F8 /* Debug */ = {
    			isa = XCBuildConfiguration;
    			buildSettings = {
    				PRODUCT_NAME = libpcre;
    
    				GCC_PREPROCESSOR_DEFINITIONS = (
					"PCRE_CHAR=char",
					"ME_DEBUG",
					"$(inherited)"
				);
    			};
    			name = Debug;
    		};
    		0CD439B20CD453B0000000F9 /* Release */ = {
    			isa = XCBuildConfiguration;
    			buildSettings = {
    				PRODUCT_NAME = libpcre;
    
    				GCC_PREPROCESSOR_DEFINITIONS = (
					"PCRE_CHAR=char",
					"$(inherited)"
				);
    			};
    			name = Release;
    		};
		0CD439B20CD453B0000000FA /* Debug */ = {
    			isa = XCBuildConfiguration;
    			buildSettings = {
    				PRODUCT_NAME = libsql;
    
    				GCC_PREPROCESSOR_DEFINITIONS = (
					"ME_DEBUG",
					"$(inherited)"
				);
    			};
    			name = Debug;
    		};
    		0CD439B20CD453B0000000FB /* Release */ = {
    			isa = XCBuildConfiguration;
    			buildSettings = {
    				PRODUCT_NAME = libsql;
    
    
    			};
    			name = Release;
    		};
		0CD439B20CD453B0000000FC /* Debug */ = {
    			isa = XCBuildConfiguration;
    			buildSettings = {
    				PRODUCT_NAME = espman;
    
    				HEADER_SEARCH_PATHS = (
					"$(ME_COM_OPENSSL_PATH)/include",
					"$(inherited)"
				);
				GCC_PREPROCESSOR_DEFINITIONS = (
					"ME_DEBUG",
					"$(inherited)"
				);
				LIBRARY_SEARCH_PATHS = (
					"$(ME_COM_OPENSSL_PATH)",
					"$(inherited)"
				);
				OTHER_LDFLAGS = (
					"-lssl",
					"-lcrypto",
					"$(inherited)"
				);

    			};
    			name = Debug;
    		};
    		0CD439B20CD453B0000000FD /* Release */ = {
    			isa = XCBuildConfiguration;
    			buildSettings = {
    				PRODUCT_NAME = espman;
    
    				HEADER_SEARCH_PATHS = (
					"$(ME_COM_OPENSSL_PATH)/include",
					"$(inherited)"
				);

				LIBRARY_SEARCH_PATHS = (
					"$(ME_COM_OPENSSL_PATH)",
					"$(inherited)"
				);
				OTHER_LDFLAGS = (
					"-lssl",
					"-lcrypto",
					"$(inherited)"
				);

    			};
    			name = Release;
    		};
		0CD439B20CD453B0000000FE /* Debug */ = {
    			isa = XCBuildConfiguration;
    			buildSettings = {
    				PRODUCT_NAME = All;
    
    				GCC_PREPROCESSOR_DEFINITIONS = (
					"ME_DEBUG",
					"$(inherited)"
				);
    			};
    			name = Debug;
    		};
    		0CD439B20CD453B0000000FF /* Release */ = {
    			isa = XCBuildConfiguration;
    			buildSettings = {
    				PRODUCT_NAME = All;
    
    
    			};
    			name = Release;
    		};
		0CD439B20CD453B000000100 /* Debug */ = {
    			isa = XCBuildConfiguration;
    			buildSettings = {
    				PRODUCT_NAME = Prep;
    
    				GCC_PREPROCESSOR_DEFINITIONS = (
					"ME_DEBUG",
					"$(inherited)"
				);
    			};
    			name = Debug;
    		};
    		0CD439B20CD453B000000101 /* Release */ = {
    			isa = XCBuildConfiguration;
    			buildSettings = {
    				PRODUCT_NAME = Prep;
    
    
    			};
    			name = Release;
    		};
/* End XCBuildConfiguration section */

    /* Begin XCConfigurationList section */
    		0CD439B20CD453B000000002 /* Build configuration list for PBXProject "esp" */ = {
    			isa = XCConfigurationList;
    			buildConfigurations = (
    				0CD439B20CD453B000000003 /* Debug */,
    				0CD439B20CD453B000000004 /* Release */,
    			);
    			defaultConfigurationIsVisible = 0;
    			defaultConfigurationName = Release;
    		};
		0CD439B20CD453B0000000B8 /* Build configuration list for PBXNativeTarget "espcmd" */ = {
    			isa = XCConfigurationList;
    			buildConfigurations = (
    				0CD439B20CD453B0000000E8 /* Debug */,
    				0CD439B20CD453B0000000E9 /* Release */,
    			);
    			defaultConfigurationIsVisible = 0;
    			defaultConfigurationName = Release;
    		};
		0CD439B20CD453B000000005 /* Build configuration list for PBXNativeTarget "extras" */ = {
    			isa = XCConfigurationList;
    			buildConfigurations = (
    				0CD439B20CD453B0000000EA /* Debug */,
    				0CD439B20CD453B0000000EB /* Release */,
    			);
    			defaultConfigurationIsVisible = 0;
    			defaultConfigurationName = Release;
    		};
		0CD439B20CD453B000000009 /* Build configuration list for PBXNativeTarget "install-certs" */ = {
    			isa = XCConfigurationList;
    			buildConfigurations = (
    				0CD439B20CD453B0000000EC /* Debug */,
    				0CD439B20CD453B0000000ED /* Release */,
    			);
    			defaultConfigurationIsVisible = 0;
    			defaultConfigurationName = Release;
    		};
		0CD439B20CD453B0000000C2 /* Build configuration list for PBXNativeTarget "libesp" */ = {
    			isa = XCConfigurationList;
    			buildConfigurations = (
    				0CD439B20CD453B0000000EE /* Debug */,
    				0CD439B20CD453B0000000EF /* Release */,
    			);
    			defaultConfigurationIsVisible = 0;
    			defaultConfigurationName = Release;
    		};
		0CD439B20CD453B0000000CB /* Build configuration list for PBXNativeTarget "libhttp" */ = {
    			isa = XCConfigurationList;
    			buildConfigurations = (
    				0CD439B20CD453B0000000F0 /* Debug */,
    				0CD439B20CD453B0000000F1 /* Release */,
    			);
    			defaultConfigurationIsVisible = 0;
    			defaultConfigurationName = Release;
    		};
		0CD439B20CD453B0000000D1 /* Build configuration list for PBXNativeTarget "libmpr" */ = {
    			isa = XCConfigurationList;
    			buildConfigurations = (
    				0CD439B20CD453B0000000F2 /* Debug */,
    				0CD439B20CD453B0000000F3 /* Release */,
    			);
    			defaultConfigurationIsVisible = 0;
    			defaultConfigurationName = Release;
    		};
		0CD439B20CD453B0000000D5 /* Build configuration list for PBXNativeTarget "libmpr-openssl" */ = {
    			isa = XCConfigurationList;
    			buildConfigurations = (
    				0CD439B20CD453B0000000F4 /* Debug */,
    				0CD439B20CD453B0000000F5 /* Release */,
    			);
    			defaultConfigurationIsVisible = 0;
    			defaultConfigurationName = Release;
    		};
		0CD439B20CD453B0000000D8 /* Build configuration list for PBXNativeTarget "libmpr-version" */ = {
    			isa = XCConfigurationList;
    			buildConfigurations = (
    				0CD439B20CD453B0000000F6 /* Debug */,
    				0CD439B20CD453B0000000F7 /* Release */,
    			);
    			defaultConfigurationIsVisible = 0;
    			defaultConfigurationName = Release;
    		};
		0CD439B20CD453B0000000DE /* Build configuration list for PBXNativeTarget "libpcre" */ = {
    			isa = XCConfigurationList;
    			buildConfigurations = (
    				0CD439B20CD453B0000000F8 /* Debug */,
    				0CD439B20CD453B0000000F9 /* Release */,
    			);
    			defaultConfigurationIsVisible = 0;
    			defaultConfigurationName = Release;
    		};
		0CD439B20CD453B0000000E1 /* Build configuration list for PBXNativeTarget "libsql" */ = {
    			isa = XCConfigurationList;
    			buildConfigurations = (
    				0CD439B20CD453B0000000FA /* Debug */,
    				0CD439B20CD453B0000000FB /* Release */,
    			);
    			defaultConfigurationIsVisible = 0;
    			defaultConfigurationName = Release;
    		};
		0CD439B20CD453B0000000E4 /* Build configuration list for PBXNativeTarget "watchdog" */ = {
    			isa = XCConfigurationList;
    			buildConfigurations = (
    				0CD439B20CD453B0000000FC /* Debug */,
    				0CD439B20CD453B0000000FD /* Release */,
    			);
    			defaultConfigurationIsVisible = 0;
    			defaultConfigurationName = Release;
    		};
		0CD439B20CD453B00000000D /* Build configuration list for PBXNativeTarget "All" */ = {
    			isa = XCConfigurationList;
    			buildConfigurations = (
    				0CD439B20CD453B0000000FE /* Debug */,
    				0CD439B20CD453B0000000FF /* Release */,
    			);
    			defaultConfigurationIsVisible = 0;
    			defaultConfigurationName = Release;
    		};
		0CD439B20CD453B00000001C /* Build configuration list for PBXNativeTarget "Prep" */ = {
    			isa = XCConfigurationList;
    			buildConfigurations = (
    				0CD439B20CD453B000000100 /* Debug */,
    				0CD439B20CD453B000000101 /* Release */,
    			);
    			defaultConfigurationIsVisible = 0;
    			defaultConfigurationName = Release;
    		};
/* End XCConfigurationList section */
	};
	rootObject = 0CD439B20CD453B000000001 /* Project object */;
}
