// !$*UTF8*$!
{
        archiveVersion = 1;
        classes = {
        };
        objectVersion = 46;
        objects = {

/* Begin PBXAggregateTarget section */
		43412FFA43414B0000000006 /* esp-compile.json */ = {
    			isa = PBXAggregateTarget;
    			buildConfigurationList = 43412FFA43414B0000000005 /* Build configuration list for PBXAggregateTarget "esp-compile.json" */;
    			buildPhases = (
    				43412FFA43414B0000000007,
    			);
    			dependencies = (
				43412FFA43414B0000000008 /* PBXTargetDependency Prep */,
			);
    			name = esp-compile.json;
    			productName = esp-compile.json;
    		};
		43412FFA43414B000000000A /* install-certs */ = {
    			isa = PBXAggregateTarget;
    			buildConfigurationList = 43412FFA43414B0000000009 /* Build configuration list for PBXAggregateTarget "install-certs" */;
    			buildPhases = (
    				43412FFA43414B000000000B,
    			);
    			dependencies = (
				43412FFA43414B000000000C /* PBXTargetDependency Prep */,
			);
    			name = install-certs;
    			productName = install-certs;
    		};
		43412FFA43414B000000000E /* All */ = {
    			isa = PBXAggregateTarget;
    			buildConfigurationList = 43412FFA43414B000000000D /* Build configuration list for PBXAggregateTarget "All" */;
    			buildPhases = (
    				
    			);
    			dependencies = (
				43412FFA43414B000000000F /* PBXTargetDependency esp-compile.json */,
				43412FFA43414B0000000010 /* PBXTargetDependency espcmd */,
				43412FFA43414B0000000011 /* PBXTargetDependency install-certs */,
				43412FFA43414B0000000012 /* PBXTargetDependency libesp */,
				43412FFA43414B0000000013 /* PBXTargetDependency libhttp */,
				43412FFA43414B0000000014 /* PBXTargetDependency libmpr */,
				43412FFA43414B0000000015 /* PBXTargetDependency libpcre */,
				43412FFA43414B0000000016 /* PBXTargetDependency libsql */,
				43412FFA43414B0000000017 /* PBXTargetDependency openssl */,
				43412FFA43414B0000000018 /* PBXTargetDependency watchdog */,
				43412FFA43414B0000000019 /* PBXTargetDependency All */,
				43412FFA43414B000000001A /* PBXTargetDependency Prep */,
			);
    			name = All;
    			productName = All;
    		};
		43412FFA43414B000000001C /* Prep */ = {
    			isa = PBXAggregateTarget;
    			buildConfigurationList = 43412FFA43414B000000001B /* Build configuration list for PBXAggregateTarget "Prep" */;
    			buildPhases = (
    				43412FFA43414B000000001D,
    			);
    			dependencies = (
			);
    			name = Prep;
    			productName = Prep;
    		};
/* End PBXAggregateTarget section */

/* Begin PBXBuildFile section */
		43412FFA43414B000000001E /* esp.c in Sources */ = {isa = PBXBuildFile; fileRef = 43412FFA43414B000000001F /* esp.c */; };
		43412FFA43414B0000000020 /* edi.c in Sources */ = {isa = PBXBuildFile; fileRef = 43412FFA43414B0000000021 /* edi.c */; };
		43412FFA43414B0000000022 /* espAbbrev.c in Sources */ = {isa = PBXBuildFile; fileRef = 43412FFA43414B0000000023 /* espAbbrev.c */; };
		43412FFA43414B0000000024 /* espConfig.c in Sources */ = {isa = PBXBuildFile; fileRef = 43412FFA43414B0000000025 /* espConfig.c */; };
		43412FFA43414B0000000026 /* espFramework.c in Sources */ = {isa = PBXBuildFile; fileRef = 43412FFA43414B0000000027 /* espFramework.c */; };
		43412FFA43414B0000000028 /* espHtml.c in Sources */ = {isa = PBXBuildFile; fileRef = 43412FFA43414B0000000029 /* espHtml.c */; };
		43412FFA43414B000000002A /* espRequest.c in Sources */ = {isa = PBXBuildFile; fileRef = 43412FFA43414B000000002B /* espRequest.c */; };
		43412FFA43414B000000002C /* espTemplate.c in Sources */ = {isa = PBXBuildFile; fileRef = 43412FFA43414B000000002D /* espTemplate.c */; };
		43412FFA43414B000000002E /* mdb.c in Sources */ = {isa = PBXBuildFile; fileRef = 43412FFA43414B000000002F /* mdb.c */; };
		43412FFA43414B0000000030 /* sdb.c in Sources */ = {isa = PBXBuildFile; fileRef = 43412FFA43414B0000000031 /* sdb.c */; };
		43412FFA43414B0000000032 /* httpLib.c in Sources */ = {isa = PBXBuildFile; fileRef = 43412FFA43414B0000000033 /* httpLib.c */; };
		43412FFA43414B0000000034 /* mprLib.c in Sources */ = {isa = PBXBuildFile; fileRef = 43412FFA43414B0000000035 /* mprLib.c */; };
		43412FFA43414B0000000036 /* pcre.c in Sources */ = {isa = PBXBuildFile; fileRef = 43412FFA43414B0000000037 /* pcre.c */; };
		43412FFA43414B0000000038 /* sqlite3.c in Sources */ = {isa = PBXBuildFile; fileRef = 43412FFA43414B0000000039 /* sqlite3.c */; };
		43412FFA43414B000000003A /* openssl.c in Sources */ = {isa = PBXBuildFile; fileRef = 43412FFA43414B000000003B /* openssl.c */; };
		43412FFA43414B000000003C /* watchdog.c in Sources */ = {isa = PBXBuildFile; fileRef = 43412FFA43414B000000003D /* watchdog.c */; };
		43412FFA43414B000000003E /* libesp.dylib for espcmd */ = {isa = PBXBuildFile; fileRef = 43412FFA43414B000000003F; };
		43412FFA43414B0000000040 /* libsql.dylib for espcmd */ = {isa = PBXBuildFile; fileRef = 43412FFA43414B0000000041; };
		43412FFA43414B0000000042 /* libhttp.dylib for espcmd */ = {isa = PBXBuildFile; fileRef = 43412FFA43414B0000000043; };
		43412FFA43414B0000000044 /* libpcre.dylib for espcmd */ = {isa = PBXBuildFile; fileRef = 43412FFA43414B0000000045; };
		43412FFA43414B0000000046 /* libmpr.dylib for espcmd */ = {isa = PBXBuildFile; fileRef = 43412FFA43414B0000000047; };
		43412FFA43414B0000000048 /* libhttp.dylib for libesp */ = {isa = PBXBuildFile; fileRef = 43412FFA43414B0000000043; };
		43412FFA43414B0000000049 /* libsql.dylib for libesp */ = {isa = PBXBuildFile; fileRef = 43412FFA43414B0000000041; };
		43412FFA43414B000000004A /* libpcre.dylib for libesp */ = {isa = PBXBuildFile; fileRef = 43412FFA43414B0000000045; };
		43412FFA43414B000000004B /* libmpr.dylib for libesp */ = {isa = PBXBuildFile; fileRef = 43412FFA43414B0000000047; };
		43412FFA43414B000000004C /* libpcre.dylib for libhttp */ = {isa = PBXBuildFile; fileRef = 43412FFA43414B0000000045; };
		43412FFA43414B000000004D /* libmpr.dylib for libhttp */ = {isa = PBXBuildFile; fileRef = 43412FFA43414B0000000047; };
		43412FFA43414B000000004E /* libmpr.dylib for watchdog */ = {isa = PBXBuildFile; fileRef = 43412FFA43414B0000000047; };
/* End PBXBuildFile section */

/* Begin PBXContainerItemProxy section */
		43412FFA43414B000000004F /* PBXContainerItemProxy Prep from esp-compile.json */ = {
    			isa = PBXContainerItemProxy;
    			containerPortal = 43412FFA43414B0000000001 /* Project object */;
    			proxyType = 1;
    			remoteGlobalIDString = 43412FFA43414B000000001C;
    			remoteInfo = Prep;
    		};
		43412FFA43414B0000000050 /* PBXContainerItemProxy Prep from espcmd */ = {
    			isa = PBXContainerItemProxy;
    			containerPortal = 43412FFA43414B0000000001 /* Project object */;
    			proxyType = 1;
    			remoteGlobalIDString = 43412FFA43414B000000001C;
    			remoteInfo = Prep;
    		};
		43412FFA43414B0000000051 /* PBXContainerItemProxy libsql from espcmd */ = {
    			isa = PBXContainerItemProxy;
    			containerPortal = 43412FFA43414B0000000001 /* Project object */;
    			proxyType = 1;
    			remoteGlobalIDString = 43412FFA43414B0000000052;
    			remoteInfo = libsql;
    		};
		43412FFA43414B0000000053 /* PBXContainerItemProxy openssl from espcmd */ = {
    			isa = PBXContainerItemProxy;
    			containerPortal = 43412FFA43414B0000000001 /* Project object */;
    			proxyType = 1;
    			remoteGlobalIDString = 43412FFA43414B0000000054;
    			remoteInfo = openssl;
    		};
		43412FFA43414B0000000055 /* PBXContainerItemProxy libmpr from espcmd */ = {
    			isa = PBXContainerItemProxy;
    			containerPortal = 43412FFA43414B0000000001 /* Project object */;
    			proxyType = 1;
    			remoteGlobalIDString = 43412FFA43414B0000000056;
    			remoteInfo = libmpr;
    		};
		43412FFA43414B0000000057 /* PBXContainerItemProxy libpcre from espcmd */ = {
    			isa = PBXContainerItemProxy;
    			containerPortal = 43412FFA43414B0000000001 /* Project object */;
    			proxyType = 1;
    			remoteGlobalIDString = 43412FFA43414B0000000058;
    			remoteInfo = libpcre;
    		};
		43412FFA43414B0000000059 /* PBXContainerItemProxy libhttp from espcmd */ = {
    			isa = PBXContainerItemProxy;
    			containerPortal = 43412FFA43414B0000000001 /* Project object */;
    			proxyType = 1;
    			remoteGlobalIDString = 43412FFA43414B000000005A;
    			remoteInfo = libhttp;
    		};
		43412FFA43414B000000005B /* PBXContainerItemProxy libesp from espcmd */ = {
    			isa = PBXContainerItemProxy;
    			containerPortal = 43412FFA43414B0000000001 /* Project object */;
    			proxyType = 1;
    			remoteGlobalIDString = 43412FFA43414B000000005C;
    			remoteInfo = libesp;
    		};
		43412FFA43414B000000005D /* PBXContainerItemProxy Prep from install-certs */ = {
    			isa = PBXContainerItemProxy;
    			containerPortal = 43412FFA43414B0000000001 /* Project object */;
    			proxyType = 1;
    			remoteGlobalIDString = 43412FFA43414B000000001C;
    			remoteInfo = Prep;
    		};
		43412FFA43414B000000005E /* PBXContainerItemProxy Prep from libesp */ = {
    			isa = PBXContainerItemProxy;
    			containerPortal = 43412FFA43414B0000000001 /* Project object */;
    			proxyType = 1;
    			remoteGlobalIDString = 43412FFA43414B000000001C;
    			remoteInfo = Prep;
    		};
		43412FFA43414B000000005F /* PBXContainerItemProxy libsql from libesp */ = {
    			isa = PBXContainerItemProxy;
    			containerPortal = 43412FFA43414B0000000001 /* Project object */;
    			proxyType = 1;
    			remoteGlobalIDString = 43412FFA43414B0000000052;
    			remoteInfo = libsql;
    		};
		43412FFA43414B0000000060 /* PBXContainerItemProxy openssl from libesp */ = {
    			isa = PBXContainerItemProxy;
    			containerPortal = 43412FFA43414B0000000001 /* Project object */;
    			proxyType = 1;
    			remoteGlobalIDString = 43412FFA43414B0000000054;
    			remoteInfo = openssl;
    		};
		43412FFA43414B0000000061 /* PBXContainerItemProxy libmpr from libesp */ = {
    			isa = PBXContainerItemProxy;
    			containerPortal = 43412FFA43414B0000000001 /* Project object */;
    			proxyType = 1;
    			remoteGlobalIDString = 43412FFA43414B0000000056;
    			remoteInfo = libmpr;
    		};
		43412FFA43414B0000000062 /* PBXContainerItemProxy libpcre from libesp */ = {
    			isa = PBXContainerItemProxy;
    			containerPortal = 43412FFA43414B0000000001 /* Project object */;
    			proxyType = 1;
    			remoteGlobalIDString = 43412FFA43414B0000000058;
    			remoteInfo = libpcre;
    		};
		43412FFA43414B0000000063 /* PBXContainerItemProxy libhttp from libesp */ = {
    			isa = PBXContainerItemProxy;
    			containerPortal = 43412FFA43414B0000000001 /* Project object */;
    			proxyType = 1;
    			remoteGlobalIDString = 43412FFA43414B000000005A;
    			remoteInfo = libhttp;
    		};
		43412FFA43414B0000000064 /* PBXContainerItemProxy Prep from libhttp */ = {
    			isa = PBXContainerItemProxy;
    			containerPortal = 43412FFA43414B0000000001 /* Project object */;
    			proxyType = 1;
    			remoteGlobalIDString = 43412FFA43414B000000001C;
    			remoteInfo = Prep;
    		};
		43412FFA43414B0000000065 /* PBXContainerItemProxy openssl from libhttp */ = {
    			isa = PBXContainerItemProxy;
    			containerPortal = 43412FFA43414B0000000001 /* Project object */;
    			proxyType = 1;
    			remoteGlobalIDString = 43412FFA43414B0000000054;
    			remoteInfo = openssl;
    		};
		43412FFA43414B0000000066 /* PBXContainerItemProxy libmpr from libhttp */ = {
    			isa = PBXContainerItemProxy;
    			containerPortal = 43412FFA43414B0000000001 /* Project object */;
    			proxyType = 1;
    			remoteGlobalIDString = 43412FFA43414B0000000056;
    			remoteInfo = libmpr;
    		};
		43412FFA43414B0000000067 /* PBXContainerItemProxy libpcre from libhttp */ = {
    			isa = PBXContainerItemProxy;
    			containerPortal = 43412FFA43414B0000000001 /* Project object */;
    			proxyType = 1;
    			remoteGlobalIDString = 43412FFA43414B0000000058;
    			remoteInfo = libpcre;
    		};
		43412FFA43414B0000000068 /* PBXContainerItemProxy Prep from libmpr */ = {
    			isa = PBXContainerItemProxy;
    			containerPortal = 43412FFA43414B0000000001 /* Project object */;
    			proxyType = 1;
    			remoteGlobalIDString = 43412FFA43414B000000001C;
    			remoteInfo = Prep;
    		};
		43412FFA43414B0000000069 /* PBXContainerItemProxy openssl from libmpr */ = {
    			isa = PBXContainerItemProxy;
    			containerPortal = 43412FFA43414B0000000001 /* Project object */;
    			proxyType = 1;
    			remoteGlobalIDString = 43412FFA43414B0000000054;
    			remoteInfo = openssl;
    		};
		43412FFA43414B000000006A /* PBXContainerItemProxy Prep from libpcre */ = {
    			isa = PBXContainerItemProxy;
    			containerPortal = 43412FFA43414B0000000001 /* Project object */;
    			proxyType = 1;
    			remoteGlobalIDString = 43412FFA43414B000000001C;
    			remoteInfo = Prep;
    		};
		43412FFA43414B000000006B /* PBXContainerItemProxy Prep from libsql */ = {
    			isa = PBXContainerItemProxy;
    			containerPortal = 43412FFA43414B0000000001 /* Project object */;
    			proxyType = 1;
    			remoteGlobalIDString = 43412FFA43414B000000001C;
    			remoteInfo = Prep;
    		};
		43412FFA43414B000000006C /* PBXContainerItemProxy Prep from openssl */ = {
    			isa = PBXContainerItemProxy;
    			containerPortal = 43412FFA43414B0000000001 /* Project object */;
    			proxyType = 1;
    			remoteGlobalIDString = 43412FFA43414B000000001C;
    			remoteInfo = Prep;
    		};
		43412FFA43414B000000006D /* PBXContainerItemProxy Prep from watchdog */ = {
    			isa = PBXContainerItemProxy;
    			containerPortal = 43412FFA43414B0000000001 /* Project object */;
    			proxyType = 1;
    			remoteGlobalIDString = 43412FFA43414B000000001C;
    			remoteInfo = Prep;
    		};
		43412FFA43414B000000006E /* PBXContainerItemProxy openssl from watchdog */ = {
    			isa = PBXContainerItemProxy;
    			containerPortal = 43412FFA43414B0000000001 /* Project object */;
    			proxyType = 1;
    			remoteGlobalIDString = 43412FFA43414B0000000054;
    			remoteInfo = openssl;
    		};
		43412FFA43414B000000006F /* PBXContainerItemProxy libmpr from watchdog */ = {
    			isa = PBXContainerItemProxy;
    			containerPortal = 43412FFA43414B0000000001 /* Project object */;
    			proxyType = 1;
    			remoteGlobalIDString = 43412FFA43414B0000000056;
    			remoteInfo = libmpr;
    		};
		43412FFA43414B0000000070 /* PBXContainerItemProxy Prep from All */ = {
    			isa = PBXContainerItemProxy;
    			containerPortal = 43412FFA43414B0000000001 /* Project object */;
    			proxyType = 1;
    			remoteGlobalIDString = 43412FFA43414B000000001C;
    			remoteInfo = Prep;
    		};
		43412FFA43414B0000000071 /* PBXContainerItemProxy esp-compile.json from All */ = {
    			isa = PBXContainerItemProxy;
    			containerPortal = 43412FFA43414B0000000001 /* Project object */;
    			proxyType = 1;
    			remoteGlobalIDString = 43412FFA43414B0000000006;
    			remoteInfo = esp-compile.json;
    		};
		43412FFA43414B0000000072 /* PBXContainerItemProxy libsql from All */ = {
    			isa = PBXContainerItemProxy;
    			containerPortal = 43412FFA43414B0000000001 /* Project object */;
    			proxyType = 1;
    			remoteGlobalIDString = 43412FFA43414B0000000052;
    			remoteInfo = libsql;
    		};
		43412FFA43414B0000000073 /* PBXContainerItemProxy openssl from All */ = {
    			isa = PBXContainerItemProxy;
    			containerPortal = 43412FFA43414B0000000001 /* Project object */;
    			proxyType = 1;
    			remoteGlobalIDString = 43412FFA43414B0000000054;
    			remoteInfo = openssl;
    		};
		43412FFA43414B0000000074 /* PBXContainerItemProxy libmpr from All */ = {
    			isa = PBXContainerItemProxy;
    			containerPortal = 43412FFA43414B0000000001 /* Project object */;
    			proxyType = 1;
    			remoteGlobalIDString = 43412FFA43414B0000000056;
    			remoteInfo = libmpr;
    		};
		43412FFA43414B0000000075 /* PBXContainerItemProxy libpcre from All */ = {
    			isa = PBXContainerItemProxy;
    			containerPortal = 43412FFA43414B0000000001 /* Project object */;
    			proxyType = 1;
    			remoteGlobalIDString = 43412FFA43414B0000000058;
    			remoteInfo = libpcre;
    		};
		43412FFA43414B0000000076 /* PBXContainerItemProxy libhttp from All */ = {
    			isa = PBXContainerItemProxy;
    			containerPortal = 43412FFA43414B0000000001 /* Project object */;
    			proxyType = 1;
    			remoteGlobalIDString = 43412FFA43414B000000005A;
    			remoteInfo = libhttp;
    		};
		43412FFA43414B0000000077 /* PBXContainerItemProxy libesp from All */ = {
    			isa = PBXContainerItemProxy;
    			containerPortal = 43412FFA43414B0000000001 /* Project object */;
    			proxyType = 1;
    			remoteGlobalIDString = 43412FFA43414B000000005C;
    			remoteInfo = libesp;
    		};
		43412FFA43414B0000000078 /* PBXContainerItemProxy espcmd from All */ = {
    			isa = PBXContainerItemProxy;
    			containerPortal = 43412FFA43414B0000000001 /* Project object */;
    			proxyType = 1;
    			remoteGlobalIDString = 43412FFA43414B0000000079;
    			remoteInfo = espcmd;
    		};
		43412FFA43414B000000007A /* PBXContainerItemProxy install-certs from All */ = {
    			isa = PBXContainerItemProxy;
    			containerPortal = 43412FFA43414B0000000001 /* Project object */;
    			proxyType = 1;
    			remoteGlobalIDString = 43412FFA43414B000000000A;
    			remoteInfo = install-certs;
    		};
		43412FFA43414B000000007B /* PBXContainerItemProxy watchdog from All */ = {
    			isa = PBXContainerItemProxy;
    			containerPortal = 43412FFA43414B0000000001 /* Project object */;
    			proxyType = 1;
    			remoteGlobalIDString = 43412FFA43414B000000007C;
    			remoteInfo = watchdog;
    		};
/* End PBXContainerItemProxy section */

/* Begin PBXFileReference section */
		43412FFA43414B000000001F /* esp.c */ = {isa = PBXFileReference; fileEncoding = 4; lastKnownFileType = sourcecode.c.c; name = esp.c; path = src/esp.c; sourceTree = "<group>"; };
		43412FFA43414B000000007D /* esp.h */ = {isa = PBXFileReference; fileEncoding = 4; lastKnownFileType = sourcecode.c.h; name = esp.h; path = src/esp.h; sourceTree = "<group>"; };
		43412FFA43414B000000007E /* espcmd */ = {isa = PBXFileReference; explicitFileType = "compiled.mach-o.executable"; includeInIndex = 0; path = esp; sourceTree = BUILT_PRODUCTS_DIR; };
		43412FFA43414B0000000021 /* edi.c */ = {isa = PBXFileReference; fileEncoding = 4; lastKnownFileType = sourcecode.c.c; name = edi.c; path = src/edi.c; sourceTree = "<group>"; };
		43412FFA43414B000000007F /* edi.h */ = {isa = PBXFileReference; fileEncoding = 4; lastKnownFileType = sourcecode.c.h; name = edi.h; path = src/edi.h; sourceTree = "<group>"; };
		43412FFA43414B0000000080 /* pcre.h */ = {isa = PBXFileReference; fileEncoding = 4; lastKnownFileType = sourcecode.c.h; name = pcre.h; path = build/macosx-x64-default/inc/pcre.h; sourceTree = "<group>"; };
		43412FFA43414B0000000023 /* espAbbrev.c */ = {isa = PBXFileReference; fileEncoding = 4; lastKnownFileType = sourcecode.c.c; name = espAbbrev.c; path = src/espAbbrev.c; sourceTree = "<group>"; };
		43412FFA43414B0000000025 /* espConfig.c */ = {isa = PBXFileReference; fileEncoding = 4; lastKnownFileType = sourcecode.c.c; name = espConfig.c; path = src/espConfig.c; sourceTree = "<group>"; };
		43412FFA43414B0000000027 /* espFramework.c */ = {isa = PBXFileReference; fileEncoding = 4; lastKnownFileType = sourcecode.c.c; name = espFramework.c; path = src/espFramework.c; sourceTree = "<group>"; };
		43412FFA43414B0000000029 /* espHtml.c */ = {isa = PBXFileReference; fileEncoding = 4; lastKnownFileType = sourcecode.c.c; name = espHtml.c; path = src/espHtml.c; sourceTree = "<group>"; };
		43412FFA43414B000000002B /* espRequest.c */ = {isa = PBXFileReference; fileEncoding = 4; lastKnownFileType = sourcecode.c.c; name = espRequest.c; path = src/espRequest.c; sourceTree = "<group>"; };
		43412FFA43414B000000002D /* espTemplate.c */ = {isa = PBXFileReference; fileEncoding = 4; lastKnownFileType = sourcecode.c.c; name = espTemplate.c; path = src/espTemplate.c; sourceTree = "<group>"; };
		43412FFA43414B000000002F /* mdb.c */ = {isa = PBXFileReference; fileEncoding = 4; lastKnownFileType = sourcecode.c.c; name = mdb.c; path = src/mdb.c; sourceTree = "<group>"; };
		43412FFA43414B0000000081 /* http.h */ = {isa = PBXFileReference; fileEncoding = 4; lastKnownFileType = sourcecode.c.h; name = http.h; path = build/macosx-x64-default/inc/http.h; sourceTree = "<group>"; };
		43412FFA43414B0000000082 /* mdb.h */ = {isa = PBXFileReference; fileEncoding = 4; lastKnownFileType = sourcecode.c.h; name = mdb.h; path = src/mdb.h; sourceTree = "<group>"; };
		43412FFA43414B0000000031 /* sdb.c */ = {isa = PBXFileReference; fileEncoding = 4; lastKnownFileType = sourcecode.c.c; name = sdb.c; path = src/sdb.c; sourceTree = "<group>"; };
		43412FFA43414B000000003F /* libesp */ = {isa = PBXFileReference; explicitFileType = "compiled.mach-o.dylib"; includeInIndex = 0; path = libesp.dylib; sourceTree = BUILT_PRODUCTS_DIR; };
		43412FFA43414B0000000033 /* httpLib.c */ = {isa = PBXFileReference; fileEncoding = 4; lastKnownFileType = sourcecode.c.c; name = httpLib.c; path = src/http/httpLib.c; sourceTree = "<group>"; };
		43412FFA43414B0000000083 /* http.h */ = {isa = PBXFileReference; fileEncoding = 4; lastKnownFileType = sourcecode.c.h; name = http.h; path = src/http/http.h; sourceTree = "<group>"; };
		43412FFA43414B0000000043 /* libhttp */ = {isa = PBXFileReference; explicitFileType = "compiled.mach-o.dylib"; includeInIndex = 0; path = libhttp.dylib; sourceTree = BUILT_PRODUCTS_DIR; };
		43412FFA43414B0000000035 /* mprLib.c */ = {isa = PBXFileReference; fileEncoding = 4; lastKnownFileType = sourcecode.c.c; name = mprLib.c; path = src/mpr/mprLib.c; sourceTree = "<group>"; };
		43412FFA43414B0000000084 /* mpr.h */ = {isa = PBXFileReference; fileEncoding = 4; lastKnownFileType = sourcecode.c.h; name = mpr.h; path = src/mpr/mpr.h; sourceTree = "<group>"; };
		43412FFA43414B0000000047 /* libmpr */ = {isa = PBXFileReference; explicitFileType = "compiled.mach-o.dylib"; includeInIndex = 0; path = libmpr.dylib; sourceTree = BUILT_PRODUCTS_DIR; };
		43412FFA43414B0000000037 /* pcre.c */ = {isa = PBXFileReference; fileEncoding = 4; lastKnownFileType = sourcecode.c.c; name = pcre.c; path = src/pcre/pcre.c; sourceTree = "<group>"; };
		43412FFA43414B0000000085 /* me.h */ = {isa = PBXFileReference; fileEncoding = 4; lastKnownFileType = sourcecode.c.h; name = me.h; path = build/macosx-x64-default/inc/me.h; sourceTree = "<group>"; };
		43412FFA43414B0000000086 /* pcre.h */ = {isa = PBXFileReference; fileEncoding = 4; lastKnownFileType = sourcecode.c.h; name = pcre.h; path = src/pcre/pcre.h; sourceTree = "<group>"; };
		43412FFA43414B0000000045 /* libpcre */ = {isa = PBXFileReference; explicitFileType = "compiled.mach-o.dylib"; includeInIndex = 0; path = libpcre.dylib; sourceTree = BUILT_PRODUCTS_DIR; };
		43412FFA43414B0000000039 /* sqlite3.c */ = {isa = PBXFileReference; fileEncoding = 4; lastKnownFileType = sourcecode.c.c; name = sqlite3.c; path = src/sqlite/sqlite3.c; sourceTree = "<group>"; };
		43412FFA43414B0000000087 /* sqlite3.h */ = {isa = PBXFileReference; fileEncoding = 4; lastKnownFileType = sourcecode.c.h; name = sqlite3.h; path = src/sqlite/sqlite3.h; sourceTree = "<group>"; };
		43412FFA43414B0000000041 /* libsql */ = {isa = PBXFileReference; explicitFileType = "compiled.mach-o.dylib"; includeInIndex = 0; path = libsql.dylib; sourceTree = BUILT_PRODUCTS_DIR; };
		43412FFA43414B000000003B /* openssl.c */ = {isa = PBXFileReference; fileEncoding = 4; lastKnownFileType = sourcecode.c.c; name = openssl.c; path = src/mpr-openssl/openssl.c; sourceTree = "<group>"; };
		43412FFA43414B0000000088 /* mpr.h */ = {isa = PBXFileReference; fileEncoding = 4; lastKnownFileType = sourcecode.c.h; name = mpr.h; path = build/macosx-x64-default/inc/mpr.h; sourceTree = "<group>"; };
		43412FFA43414B0000000089 /* openssl */ = {isa = PBXFileReference; explicitFileType = "compiled.mach-o.dylib"; includeInIndex = 0; path = libmpr-openssl.a; sourceTree = BUILT_PRODUCTS_DIR; };
		43412FFA43414B000000003D /* watchdog.c */ = {isa = PBXFileReference; fileEncoding = 4; lastKnownFileType = sourcecode.c.c; name = watchdog.c; path = src/watchdog/watchdog.c; sourceTree = "<group>"; };
		43412FFA43414B000000008A /* watchdog */ = {isa = PBXFileReference; explicitFileType = "compiled.mach-o.executable"; includeInIndex = 0; path = espman; sourceTree = BUILT_PRODUCTS_DIR; };
/* End PBXFileReference section */

/* Begin PBXFrameworksBuildPhase section */
		43412FFA43414B000000008B /* Frameworks and Libraries for espcmd */ = {
                isa = PBXFrameworksBuildPhase;
                buildActionMask = 2147483647;
                files = (
    				43412FFA43414B000000003E /* libesp */,
				43412FFA43414B0000000040 /* libsql */,
				43412FFA43414B0000000042 /* libhttp */,
				43412FFA43414B0000000044 /* libpcre */,
				43412FFA43414B0000000046 /* libmpr */,				
                );
                runOnlyForDeploymentPostprocessing = 0;
            };
		43412FFA43414B000000008C /* Frameworks and Libraries for libesp */ = {
                isa = PBXFrameworksBuildPhase;
                buildActionMask = 2147483647;
                files = (
    				43412FFA43414B0000000048 /* libhttp */,
				43412FFA43414B0000000049 /* libsql */,
				43412FFA43414B000000004A /* libpcre */,
				43412FFA43414B000000004B /* libmpr */,				
                );
                runOnlyForDeploymentPostprocessing = 0;
            };
		43412FFA43414B000000008D /* Frameworks and Libraries for libhttp */ = {
                isa = PBXFrameworksBuildPhase;
                buildActionMask = 2147483647;
                files = (
    				43412FFA43414B000000004C /* libpcre */,
				43412FFA43414B000000004D /* libmpr */,				
                );
                runOnlyForDeploymentPostprocessing = 0;
            };
		43412FFA43414B000000008E /* Frameworks and Libraries for libmpr */ = {
                isa = PBXFrameworksBuildPhase;
                buildActionMask = 2147483647;
                files = (
    				
                );
                runOnlyForDeploymentPostprocessing = 0;
            };
		43412FFA43414B000000008F /* Frameworks and Libraries for libpcre */ = {
                isa = PBXFrameworksBuildPhase;
                buildActionMask = 2147483647;
                files = (
    				
                );
                runOnlyForDeploymentPostprocessing = 0;
            };
		43412FFA43414B0000000090 /* Frameworks and Libraries for libsql */ = {
                isa = PBXFrameworksBuildPhase;
                buildActionMask = 2147483647;
                files = (
    				
                );
                runOnlyForDeploymentPostprocessing = 0;
            };
		43412FFA43414B0000000091 /* Frameworks and Libraries for openssl */ = {
                isa = PBXFrameworksBuildPhase;
                buildActionMask = 2147483647;
                files = (
    				
                );
                runOnlyForDeploymentPostprocessing = 0;
            };
		43412FFA43414B0000000092 /* Frameworks and Libraries for watchdog */ = {
                isa = PBXFrameworksBuildPhase;
                buildActionMask = 2147483647;
                files = (
    				43412FFA43414B000000004E /* libmpr */,				
                );
                runOnlyForDeploymentPostprocessing = 0;
            };
/* End PBXFrameworksBuildPhase section */

/* Begin PBXGroup section */
		43412FFA43414B0000000093 /* Top Group */ = {
                isa = PBXGroup;
                children = (
				43412FFA43414B0000000094 /* libesp */,
				43412FFA43414B0000000095 /* libhttp */,
				43412FFA43414B0000000096 /* libmpr */,
				43412FFA43414B0000000097 /* libpcre */,
				43412FFA43414B0000000098 /* libsql */,
				43412FFA43414B0000000099 /* openssl */,
				43412FFA43414B000000009A /* espcmd */,
				43412FFA43414B000000009B /* watchdog */,
				43412FFA43414B000000009C /* Products */,
			);
                sourceTree = "<group>";
            };
		43412FFA43414B000000009A /* espcmd */ = {
                isa = PBXGroup;
                children = (
				43412FFA43414B000000001F /* esp.c */,
			);
                name = "espcmd";
                path = ..;
                sourceTree = SOURCE_ROOT;
            };
		43412FFA43414B0000000094 /* libesp */ = {
                isa = PBXGroup;
                children = (
				43412FFA43414B000000007F /* edi.h */,
				43412FFA43414B000000007D /* esp.h */,
				43412FFA43414B0000000082 /* mdb.h */,
				43412FFA43414B0000000021 /* edi.c */,
				43412FFA43414B0000000023 /* espAbbrev.c */,
				43412FFA43414B0000000025 /* espConfig.c */,
				43412FFA43414B0000000027 /* espFramework.c */,
				43412FFA43414B0000000029 /* espHtml.c */,
				43412FFA43414B000000002B /* espRequest.c */,
				43412FFA43414B000000002D /* espTemplate.c */,
				43412FFA43414B000000002F /* mdb.c */,
				43412FFA43414B0000000031 /* sdb.c */,
			);
                name = "libesp";
                path = ..;
                sourceTree = SOURCE_ROOT;
            };
		43412FFA43414B0000000095 /* libhttp */ = {
                isa = PBXGroup;
                children = (
				43412FFA43414B0000000083 /* http.h */,
				43412FFA43414B0000000033 /* httpLib.c */,
			);
                name = "libhttp";
                path = ..;
                sourceTree = SOURCE_ROOT;
            };
		43412FFA43414B0000000096 /* libmpr */ = {
                isa = PBXGroup;
                children = (
				43412FFA43414B0000000084 /* mpr.h */,
				43412FFA43414B0000000035 /* mprLib.c */,
			);
                name = "libmpr";
                path = ..;
                sourceTree = SOURCE_ROOT;
            };
		43412FFA43414B0000000097 /* libpcre */ = {
                isa = PBXGroup;
                children = (
				43412FFA43414B0000000086 /* pcre.h */,
				43412FFA43414B0000000037 /* pcre.c */,
			);
                name = "libpcre";
                path = ..;
                sourceTree = SOURCE_ROOT;
            };
		43412FFA43414B0000000098 /* libsql */ = {
                isa = PBXGroup;
                children = (
				43412FFA43414B0000000087 /* sqlite3.h */,
				43412FFA43414B0000000039 /* sqlite3.c */,
			);
                name = "libsql";
                path = ..;
                sourceTree = SOURCE_ROOT;
            };
		43412FFA43414B0000000099 /* openssl */ = {
                isa = PBXGroup;
                children = (
				43412FFA43414B000000003B /* openssl.c */,
			);
                name = "openssl";
                path = ..;
                sourceTree = SOURCE_ROOT;
            };
		43412FFA43414B000000009B /* watchdog */ = {
                isa = PBXGroup;
                children = (
				43412FFA43414B000000003D /* watchdog.c */,
			);
                name = "watchdog";
                path = ..;
                sourceTree = SOURCE_ROOT;
            };
		43412FFA43414B000000009C /* Products */ = {
                isa = PBXGroup;
                children = (
				43412FFA43414B000000007E /* espcmd */,
				43412FFA43414B000000003F /* libesp */,
				43412FFA43414B0000000043 /* libhttp */,
				43412FFA43414B0000000047 /* libmpr */,
				43412FFA43414B0000000045 /* libpcre */,
				43412FFA43414B0000000041 /* libsql */,
				43412FFA43414B0000000089 /* openssl */,
				43412FFA43414B000000008A /* watchdog */,
			);
                name = "Products";
                path = ..;
                sourceTree = SOURCE_ROOT;
            };
/* End PBXGroup section */

/* Begin PBXNativeTarget section */
		43412FFA43414B0000000079 /* espcmd */ = {
    			isa = PBXNativeTarget;
    			buildConfigurationList = 43412FFA43414B000000009E /* Build configuration list for PBXNativeTarget "espcmd" */;
    			buildPhases = (
    				43412FFA43414B000000009D /* Sources */,
    				43412FFA43414B000000008B /* Frameworks */,
    			);
    			buildRules = (
    			);
    			dependencies = (
    				43412FFA43414B000000009F /* Prep */,
				43412FFA43414B00000000A0 /* libsql */,
				43412FFA43414B00000000A1 /* openssl */,
				43412FFA43414B00000000A2 /* libmpr */,
				43412FFA43414B00000000A3 /* libpcre */,
				43412FFA43414B00000000A4 /* libhttp */,
				43412FFA43414B00000000A5 /* libesp */,				
    			);
    			name = espcmd;
    			productName = esp;
    			productReference = 43412FFA43414B000000007E /* espcmd */;
    			productType = "com.apple.product-type.tool";
    		};
		43412FFA43414B000000005C /* libesp */ = {
    			isa = PBXNativeTarget;
    			buildConfigurationList = 43412FFA43414B00000000A7 /* Build configuration list for PBXNativeTarget "libesp" */;
    			buildPhases = (
    				43412FFA43414B00000000A6 /* Sources */,
    				43412FFA43414B000000008C /* Frameworks */,
    			);
    			buildRules = (
    			);
    			dependencies = (
    				43412FFA43414B00000000A8 /* Prep */,
				43412FFA43414B00000000A9 /* libsql */,
				43412FFA43414B00000000AA /* openssl */,
				43412FFA43414B00000000AB /* libmpr */,
				43412FFA43414B00000000AC /* libpcre */,
				43412FFA43414B00000000AD /* libhttp */,				
    			);
    			name = libesp;
    			productName = esp;
    			productReference = 43412FFA43414B000000003F /* libesp */;
    			productType = "com.apple.product-type.library.dynamic";
    		};
		43412FFA43414B000000005A /* libhttp */ = {
    			isa = PBXNativeTarget;
    			buildConfigurationList = 43412FFA43414B00000000AF /* Build configuration list for PBXNativeTarget "libhttp" */;
    			buildPhases = (
    				43412FFA43414B00000000AE /* Sources */,
    				43412FFA43414B000000008D /* Frameworks */,
    			);
    			buildRules = (
    			);
    			dependencies = (
    				43412FFA43414B00000000B0 /* Prep */,
				43412FFA43414B00000000B1 /* openssl */,
				43412FFA43414B00000000B2 /* libmpr */,
				43412FFA43414B00000000B3 /* libpcre */,				
    			);
    			name = libhttp;
    			productName = esp;
    			productReference = 43412FFA43414B0000000043 /* libhttp */;
    			productType = "com.apple.product-type.library.dynamic";
    		};
		43412FFA43414B0000000056 /* libmpr */ = {
    			isa = PBXNativeTarget;
    			buildConfigurationList = 43412FFA43414B00000000B5 /* Build configuration list for PBXNativeTarget "libmpr" */;
    			buildPhases = (
    				43412FFA43414B00000000B4 /* Sources */,
    				43412FFA43414B000000008E /* Frameworks */,
    			);
    			buildRules = (
    			);
    			dependencies = (
    				43412FFA43414B00000000B6 /* Prep */,
				43412FFA43414B00000000B7 /* openssl */,				
    			);
    			name = libmpr;
    			productName = esp;
    			productReference = 43412FFA43414B0000000047 /* libmpr */;
    			productType = "com.apple.product-type.library.dynamic";
    		};
		43412FFA43414B0000000058 /* libpcre */ = {
    			isa = PBXNativeTarget;
    			buildConfigurationList = 43412FFA43414B00000000B9 /* Build configuration list for PBXNativeTarget "libpcre" */;
    			buildPhases = (
    				43412FFA43414B00000000B8 /* Sources */,
    				43412FFA43414B000000008F /* Frameworks */,
    			);
    			buildRules = (
    			);
    			dependencies = (
    				43412FFA43414B00000000BA /* Prep */,				
    			);
    			name = libpcre;
    			productName = esp;
    			productReference = 43412FFA43414B0000000045 /* libpcre */;
    			productType = "com.apple.product-type.library.dynamic";
    		};
		43412FFA43414B0000000052 /* libsql */ = {
    			isa = PBXNativeTarget;
    			buildConfigurationList = 43412FFA43414B00000000BC /* Build configuration list for PBXNativeTarget "libsql" */;
    			buildPhases = (
    				43412FFA43414B00000000BB /* Sources */,
    				43412FFA43414B0000000090 /* Frameworks */,
    			);
    			buildRules = (
    			);
    			dependencies = (
    				43412FFA43414B00000000BD /* Prep */,				
    			);
    			name = libsql;
    			productName = esp;
    			productReference = 43412FFA43414B0000000041 /* libsql */;
    			productType = "com.apple.product-type.library.dynamic";
    		};
		43412FFA43414B0000000054 /* openssl */ = {
    			isa = PBXNativeTarget;
    			buildConfigurationList = 43412FFA43414B00000000BF /* Build configuration list for PBXNativeTarget "openssl" */;
    			buildPhases = (
    				43412FFA43414B00000000BE /* Sources */,
    				43412FFA43414B0000000091 /* Frameworks */,
    			);
    			buildRules = (
    			);
    			dependencies = (
    				43412FFA43414B00000000C0 /* Prep */,				
    			);
    			name = openssl;
    			productName = esp;
    			productReference = 43412FFA43414B0000000089 /* openssl */;
    			productType = "com.apple.product-type.library.dynamic";
    		};
		43412FFA43414B000000007C /* watchdog */ = {
    			isa = PBXNativeTarget;
    			buildConfigurationList = 43412FFA43414B00000000C2 /* Build configuration list for PBXNativeTarget "watchdog" */;
    			buildPhases = (
    				43412FFA43414B00000000C1 /* Sources */,
    				43412FFA43414B0000000092 /* Frameworks */,
    			);
    			buildRules = (
    			);
    			dependencies = (
    				43412FFA43414B00000000C3 /* Prep */,
				43412FFA43414B00000000C4 /* openssl */,
				43412FFA43414B00000000C5 /* libmpr */,				
    			);
    			name = watchdog;
    			productName = esp;
    			productReference = 43412FFA43414B000000008A /* watchdog */;
    			productType = "com.apple.product-type.tool";
    		};
/* End PBXNativeTarget section */

/* Begin PBXShellScriptBuildPhase section */
		43412FFA43414B0000000007 /* ShellScript for esp-compile.json */ = {
    			isa = PBXShellScriptBuildPhase;
    			buildActionMask = 2147483647;
    			files = (
    			);
    			inputPaths = (
    ../src/esp-compile.json
    			);
    			outputPaths = (
    ../build/macosx-x64-default/bin/esp-compile.json
    			);
    			runOnlyForDeploymentPostprocessing = 0;
    			shellPath = /bin/bash;
    			shellScript = "PATH=$PATH:/usr/local/bin
cd ..
	mkdir -p \"build/macosx-x64-default/bin\"
	cp src/esp-compile.json build/macosx-x64-default/bin/esp-compile.json
";
    		};
		43412FFA43414B000000000B /* ShellScript for install-certs */ = {
    			isa = PBXShellScriptBuildPhase;
    			buildActionMask = 2147483647;
    			files = (
    			);
    			inputPaths = (
    ../src/certs/samples/ca.crt,
../src/certs/samples/ca.key,
../src/certs/samples/dh.pem,
../src/certs/samples/ec.crt,
../src/certs/samples/ec.key,
../src/certs/samples/roots.crt,
../src/certs/samples/self.crt,
../src/certs/samples/self.key,
../src/certs/samples/test.crt,
../src/certs/samples/test.key
    			);
    			outputPaths = (
    ../build/macosx-x64-default/bin
    			);
    			runOnlyForDeploymentPostprocessing = 0;
    			shellPath = /bin/bash;
    			shellScript = "PATH=$PATH:/usr/local/bin
cd ..
	mkdir -p \"build/macosx-x64-default/bin\"
	cp src/certs/samples/ca.crt build/macosx-x64-default/bin/ca.crt
	cp src/certs/samples/ca.key build/macosx-x64-default/bin/ca.key
	cp src/certs/samples/dh.pem build/macosx-x64-default/bin/dh.pem
	cp src/certs/samples/ec.crt build/macosx-x64-default/bin/ec.crt
	cp src/certs/samples/ec.key build/macosx-x64-default/bin/ec.key
	cp src/certs/samples/roots.crt build/macosx-x64-default/bin/roots.crt
	cp src/certs/samples/self.crt build/macosx-x64-default/bin/self.crt
	cp src/certs/samples/self.key build/macosx-x64-default/bin/self.key
	cp src/certs/samples/test.crt build/macosx-x64-default/bin/test.crt
	cp src/certs/samples/test.key build/macosx-x64-default/bin/test.key
";
    		};
		43412FFA43414B000000001D /* ShellScript for Prep */ = {
    			isa = PBXShellScriptBuildPhase;
    			buildActionMask = 2147483647;
    			files = (
    			);
    			inputPaths = (
    
    			);
    			outputPaths = (
    
    			);
    			runOnlyForDeploymentPostprocessing = 0;
    			shellPath = /bin/bash;
    			shellScript = "PATH=$PATH:/usr/local/bin
[ ! -x ${INC_DIR} ] && mkdir -p ${INC_DIR} ${OBJ_DIR} ${LIB_DIR} ${BIN_DIR}
[ ! -f ${INC_DIR}/me.h -a -f esp-macosx-default-me.h ] && cp esp-macosx-default-me.h ${INC_DIR}/me.h
if [ -f esp-macosx-default-me.h ] ; then
if ! diff ${INC_DIR}/me.h esp-macosx-default-me.h >/dev/null 2>&1 ; then
cp esp-macosx-default-me.h ${INC_DIR}/me.h
fi
fi
if [ ../src/edi.h -nt ${OUT_DIR}/inc/edi.h ] ; then
cp ../src/edi.h ${OUT_DIR}/inc/edi.h
fi
if [ ../src/esp.h -nt ${OUT_DIR}/inc/esp.h ] ; then
cp ../src/esp.h ${OUT_DIR}/inc/esp.h
fi
if [ ../src/http/http.h -nt ${OUT_DIR}/inc/http.h ] ; then
cp ../src/http/http.h ${OUT_DIR}/inc/http.h
fi
if [ ../src/mdb.h -nt ${OUT_DIR}/inc/mdb.h ] ; then
cp ../src/mdb.h ${OUT_DIR}/inc/mdb.h
fi
if [ ../src/mpr/mpr.h -nt ${OUT_DIR}/inc/mpr.h ] ; then
cp ../src/mpr/mpr.h ${OUT_DIR}/inc/mpr.h
fi
if [ ../src/osdep/osdep.h -nt ${OUT_DIR}/inc/osdep.h ] ; then
cp ../src/osdep/osdep.h ${OUT_DIR}/inc/osdep.h
fi
if [ ../src/pcre/pcre.h -nt ${OUT_DIR}/inc/pcre.h ] ; then
cp ../src/pcre/pcre.h ${OUT_DIR}/inc/pcre.h
fi
if [ ../src/sqlite/sqlite3.h -nt ${OUT_DIR}/inc/sqlite3.h ] ; then
cp ../src/sqlite/sqlite3.h ${OUT_DIR}/inc/sqlite3.h
fi
if [ ../src/edi.h -nt ${OUT_DIR}/inc/edi.h ] ; then
cp ../src/edi.h ${OUT_DIR}/inc/edi.h
fi
if [ ../src/esp.h -nt ${OUT_DIR}/inc/esp.h ] ; then
cp ../src/esp.h ${OUT_DIR}/inc/esp.h
fi
if [ ../src/mdb.h -nt ${OUT_DIR}/inc/mdb.h ] ; then
cp ../src/mdb.h ${OUT_DIR}/inc/mdb.h
fi
if [ ../src/http/http.h -nt ${OUT_DIR}/inc/http.h ] ; then
cp ../src/http/http.h ${OUT_DIR}/inc/http.h
fi
if [ ../src/mpr/mpr.h -nt ${OUT_DIR}/inc/mpr.h ] ; then
cp ../src/mpr/mpr.h ${OUT_DIR}/inc/mpr.h
fi
if [ ../src/pcre/pcre.h -nt ${OUT_DIR}/inc/pcre.h ] ; then
cp ../src/pcre/pcre.h ${OUT_DIR}/inc/pcre.h
fi
if [ ../src/sqlite/sqlite3.h -nt ${OUT_DIR}/inc/sqlite3.h ] ; then
cp ../src/sqlite/sqlite3.h ${OUT_DIR}/inc/sqlite3.h
fi";
    		};
/* End PBXShellScriptBuildPhase section */

    /* Begin PBXProject section */
    		43412FFA43414B0000000001 /* Project object */ = {
    			isa = PBXProject;
    			attributes = {
    				LastUpgradeCheck = 0430;
    				ORGANIZATIONNAME = "embedthis";
    			};
    			buildConfigurationList = 43412FFA43414B0000000002 /* Build configuration list for PBXProject "esp" */;
    			compatibilityVersion = "Xcode 3.2";
    			developmentRegion = English;
    			hasScannedForEncodings = 0;
    			knownRegions = (
    				en,
    			);
    			mainGroup = 43412FFA43414B0000000093;
    			productRefGroup = 43412FFA43414B000000009C /* Products */;
    			projectDirPath = "";
    			projectRoot = "";
    			targets = (
				43412FFA43414B000000000E /* All */,
				43412FFA43414B000000001C /* Prep */,
				43412FFA43414B000000005C /* libesp */,
				43412FFA43414B000000005A /* libhttp */,
				43412FFA43414B0000000056 /* libmpr */,
				43412FFA43414B0000000058 /* libpcre */,
				43412FFA43414B0000000052 /* libsql */,
				43412FFA43414B0000000054 /* openssl */,
				43412FFA43414B0000000079 /* espcmd */,
				43412FFA43414B000000007C /* watchdog */,
				43412FFA43414B0000000006 /* esp-compile.json */,
				43412FFA43414B000000000A /* install-certs */,
			);
    		};
    /* End PBXProject section */

/* Begin PBXSourcesBuildPhase section */
		43412FFA43414B000000009D /* espcmd Sources */ = {
    			isa = PBXSourcesBuildPhase;
    			buildActionMask = 2147483647;
    			files = (
    				43412FFA43414B000000001E /* esp.c in Sources */,
    			);
    			runOnlyForDeploymentPostprocessing = 0;
    		};
		43412FFA43414B00000000A6 /* libesp Sources */ = {
    			isa = PBXSourcesBuildPhase;
    			buildActionMask = 2147483647;
    			files = (
    				43412FFA43414B0000000020 /* edi.c in Sources */,
				43412FFA43414B0000000022 /* espAbbrev.c in Sources */,
				43412FFA43414B0000000024 /* espConfig.c in Sources */,
				43412FFA43414B0000000026 /* espFramework.c in Sources */,
				43412FFA43414B0000000028 /* espHtml.c in Sources */,
				43412FFA43414B000000002A /* espRequest.c in Sources */,
				43412FFA43414B000000002C /* espTemplate.c in Sources */,
				43412FFA43414B000000002E /* mdb.c in Sources */,
				43412FFA43414B0000000030 /* sdb.c in Sources */,
    			);
    			runOnlyForDeploymentPostprocessing = 0;
    		};
		43412FFA43414B00000000AE /* libhttp Sources */ = {
    			isa = PBXSourcesBuildPhase;
    			buildActionMask = 2147483647;
    			files = (
    				43412FFA43414B0000000032 /* httpLib.c in Sources */,
    			);
    			runOnlyForDeploymentPostprocessing = 0;
    		};
		43412FFA43414B00000000B4 /* libmpr Sources */ = {
    			isa = PBXSourcesBuildPhase;
    			buildActionMask = 2147483647;
    			files = (
    				43412FFA43414B0000000034 /* mprLib.c in Sources */,
    			);
    			runOnlyForDeploymentPostprocessing = 0;
    		};
		43412FFA43414B00000000B8 /* libpcre Sources */ = {
    			isa = PBXSourcesBuildPhase;
    			buildActionMask = 2147483647;
    			files = (
    				43412FFA43414B0000000036 /* pcre.c in Sources */,
    			);
    			runOnlyForDeploymentPostprocessing = 0;
    		};
		43412FFA43414B00000000BB /* libsql Sources */ = {
    			isa = PBXSourcesBuildPhase;
    			buildActionMask = 2147483647;
    			files = (
    				43412FFA43414B0000000038 /* sqlite3.c in Sources */,
    			);
    			runOnlyForDeploymentPostprocessing = 0;
    		};
		43412FFA43414B00000000BE /* openssl Sources */ = {
    			isa = PBXSourcesBuildPhase;
    			buildActionMask = 2147483647;
    			files = (
    				43412FFA43414B000000003A /* openssl.c in Sources */,
    			);
    			runOnlyForDeploymentPostprocessing = 0;
    		};
		43412FFA43414B00000000C1 /* watchdog Sources */ = {
    			isa = PBXSourcesBuildPhase;
    			buildActionMask = 2147483647;
    			files = (
    				43412FFA43414B000000003C /* watchdog.c in Sources */,
    			);
    			runOnlyForDeploymentPostprocessing = 0;
    		};
/* End PBXSourcesBuildPhase section */

/* Begin PBXTargetDependency section */
		43412FFA43414B0000000008 /* PBXTargetDependency esp-compile.json depends on Prep */ = {
    			isa = PBXTargetDependency;
    			target = 43412FFA43414B000000001C /* Prep */;
    			targetProxy = 43412FFA43414B000000004F /* PBXContainerItemProxy */;
    		};
		43412FFA43414B000000009F /* PBXTargetDependency espcmd depends on Prep */ = {
    			isa = PBXTargetDependency;
    			target = 43412FFA43414B000000001C /* Prep */;
    			targetProxy = 43412FFA43414B0000000050 /* PBXContainerItemProxy */;
    		};
		43412FFA43414B00000000A0 /* PBXTargetDependency espcmd depends on libsql */ = {
    			isa = PBXTargetDependency;
    			target = 43412FFA43414B0000000052 /* libsql */;
    			targetProxy = 43412FFA43414B0000000051 /* PBXContainerItemProxy */;
    		};
		43412FFA43414B00000000A1 /* PBXTargetDependency espcmd depends on openssl */ = {
    			isa = PBXTargetDependency;
    			target = 43412FFA43414B0000000054 /* openssl */;
    			targetProxy = 43412FFA43414B0000000053 /* PBXContainerItemProxy */;
    		};
		43412FFA43414B00000000A2 /* PBXTargetDependency espcmd depends on libmpr */ = {
    			isa = PBXTargetDependency;
    			target = 43412FFA43414B0000000056 /* libmpr */;
    			targetProxy = 43412FFA43414B0000000055 /* PBXContainerItemProxy */;
    		};
		43412FFA43414B00000000A3 /* PBXTargetDependency espcmd depends on libpcre */ = {
    			isa = PBXTargetDependency;
    			target = 43412FFA43414B0000000058 /* libpcre */;
    			targetProxy = 43412FFA43414B0000000057 /* PBXContainerItemProxy */;
    		};
		43412FFA43414B00000000A4 /* PBXTargetDependency espcmd depends on libhttp */ = {
    			isa = PBXTargetDependency;
    			target = 43412FFA43414B000000005A /* libhttp */;
    			targetProxy = 43412FFA43414B0000000059 /* PBXContainerItemProxy */;
    		};
		43412FFA43414B00000000A5 /* PBXTargetDependency espcmd depends on libesp */ = {
    			isa = PBXTargetDependency;
    			target = 43412FFA43414B000000005C /* libesp */;
    			targetProxy = 43412FFA43414B000000005B /* PBXContainerItemProxy */;
    		};
		43412FFA43414B000000000C /* PBXTargetDependency install-certs depends on Prep */ = {
    			isa = PBXTargetDependency;
    			target = 43412FFA43414B000000001C /* Prep */;
    			targetProxy = 43412FFA43414B000000005D /* PBXContainerItemProxy */;
    		};
		43412FFA43414B00000000A8 /* PBXTargetDependency libesp depends on Prep */ = {
    			isa = PBXTargetDependency;
    			target = 43412FFA43414B000000001C /* Prep */;
    			targetProxy = 43412FFA43414B000000005E /* PBXContainerItemProxy */;
    		};
		43412FFA43414B00000000A9 /* PBXTargetDependency libesp depends on libsql */ = {
    			isa = PBXTargetDependency;
    			target = 43412FFA43414B0000000052 /* libsql */;
    			targetProxy = 43412FFA43414B000000005F /* PBXContainerItemProxy */;
    		};
		43412FFA43414B00000000AA /* PBXTargetDependency libesp depends on openssl */ = {
    			isa = PBXTargetDependency;
    			target = 43412FFA43414B0000000054 /* openssl */;
    			targetProxy = 43412FFA43414B0000000060 /* PBXContainerItemProxy */;
    		};
		43412FFA43414B00000000AB /* PBXTargetDependency libesp depends on libmpr */ = {
    			isa = PBXTargetDependency;
    			target = 43412FFA43414B0000000056 /* libmpr */;
    			targetProxy = 43412FFA43414B0000000061 /* PBXContainerItemProxy */;
    		};
		43412FFA43414B00000000AC /* PBXTargetDependency libesp depends on libpcre */ = {
    			isa = PBXTargetDependency;
    			target = 43412FFA43414B0000000058 /* libpcre */;
    			targetProxy = 43412FFA43414B0000000062 /* PBXContainerItemProxy */;
    		};
		43412FFA43414B00000000AD /* PBXTargetDependency libesp depends on libhttp */ = {
    			isa = PBXTargetDependency;
    			target = 43412FFA43414B000000005A /* libhttp */;
    			targetProxy = 43412FFA43414B0000000063 /* PBXContainerItemProxy */;
    		};
		43412FFA43414B00000000B0 /* PBXTargetDependency libhttp depends on Prep */ = {
    			isa = PBXTargetDependency;
    			target = 43412FFA43414B000000001C /* Prep */;
    			targetProxy = 43412FFA43414B0000000064 /* PBXContainerItemProxy */;
    		};
		43412FFA43414B00000000B1 /* PBXTargetDependency libhttp depends on openssl */ = {
    			isa = PBXTargetDependency;
    			target = 43412FFA43414B0000000054 /* openssl */;
    			targetProxy = 43412FFA43414B0000000065 /* PBXContainerItemProxy */;
    		};
		43412FFA43414B00000000B2 /* PBXTargetDependency libhttp depends on libmpr */ = {
    			isa = PBXTargetDependency;
    			target = 43412FFA43414B0000000056 /* libmpr */;
    			targetProxy = 43412FFA43414B0000000066 /* PBXContainerItemProxy */;
    		};
		43412FFA43414B00000000B3 /* PBXTargetDependency libhttp depends on libpcre */ = {
    			isa = PBXTargetDependency;
    			target = 43412FFA43414B0000000058 /* libpcre */;
    			targetProxy = 43412FFA43414B0000000067 /* PBXContainerItemProxy */;
    		};
		43412FFA43414B00000000B6 /* PBXTargetDependency libmpr depends on Prep */ = {
    			isa = PBXTargetDependency;
    			target = 43412FFA43414B000000001C /* Prep */;
    			targetProxy = 43412FFA43414B0000000068 /* PBXContainerItemProxy */;
    		};
		43412FFA43414B00000000B7 /* PBXTargetDependency libmpr depends on openssl */ = {
    			isa = PBXTargetDependency;
    			target = 43412FFA43414B0000000054 /* openssl */;
    			targetProxy = 43412FFA43414B0000000069 /* PBXContainerItemProxy */;
    		};
		43412FFA43414B00000000BA /* PBXTargetDependency libpcre depends on Prep */ = {
    			isa = PBXTargetDependency;
    			target = 43412FFA43414B000000001C /* Prep */;
    			targetProxy = 43412FFA43414B000000006A /* PBXContainerItemProxy */;
    		};
		43412FFA43414B00000000BD /* PBXTargetDependency libsql depends on Prep */ = {
    			isa = PBXTargetDependency;
    			target = 43412FFA43414B000000001C /* Prep */;
    			targetProxy = 43412FFA43414B000000006B /* PBXContainerItemProxy */;
    		};
		43412FFA43414B00000000C0 /* PBXTargetDependency openssl depends on Prep */ = {
    			isa = PBXTargetDependency;
    			target = 43412FFA43414B000000001C /* Prep */;
    			targetProxy = 43412FFA43414B000000006C /* PBXContainerItemProxy */;
    		};
		43412FFA43414B00000000C3 /* PBXTargetDependency watchdog depends on Prep */ = {
    			isa = PBXTargetDependency;
    			target = 43412FFA43414B000000001C /* Prep */;
    			targetProxy = 43412FFA43414B000000006D /* PBXContainerItemProxy */;
    		};
		43412FFA43414B00000000C4 /* PBXTargetDependency watchdog depends on openssl */ = {
    			isa = PBXTargetDependency;
    			target = 43412FFA43414B0000000054 /* openssl */;
    			targetProxy = 43412FFA43414B000000006E /* PBXContainerItemProxy */;
    		};
		43412FFA43414B00000000C5 /* PBXTargetDependency watchdog depends on libmpr */ = {
    			isa = PBXTargetDependency;
    			target = 43412FFA43414B0000000056 /* libmpr */;
    			targetProxy = 43412FFA43414B000000006F /* PBXContainerItemProxy */;
    		};
		43412FFA43414B000000001A /* PBXTargetDependency All depends on Prep */ = {
    			isa = PBXTargetDependency;
    			target = 43412FFA43414B000000001C /* Prep */;
    			targetProxy = 43412FFA43414B0000000070 /* PBXContainerItemProxy */;
    		};
		43412FFA43414B000000000F /* PBXTargetDependency All depends on esp-compile.json */ = {
    			isa = PBXTargetDependency;
    			target = 43412FFA43414B0000000006 /* esp-compile.json */;
    			targetProxy = 43412FFA43414B0000000071 /* PBXContainerItemProxy */;
    		};
		43412FFA43414B0000000016 /* PBXTargetDependency All depends on libsql */ = {
    			isa = PBXTargetDependency;
    			target = 43412FFA43414B0000000052 /* libsql */;
    			targetProxy = 43412FFA43414B0000000072 /* PBXContainerItemProxy */;
    		};
		43412FFA43414B0000000017 /* PBXTargetDependency All depends on openssl */ = {
    			isa = PBXTargetDependency;
    			target = 43412FFA43414B0000000054 /* openssl */;
    			targetProxy = 43412FFA43414B0000000073 /* PBXContainerItemProxy */;
    		};
		43412FFA43414B0000000014 /* PBXTargetDependency All depends on libmpr */ = {
    			isa = PBXTargetDependency;
    			target = 43412FFA43414B0000000056 /* libmpr */;
    			targetProxy = 43412FFA43414B0000000074 /* PBXContainerItemProxy */;
    		};
		43412FFA43414B0000000015 /* PBXTargetDependency All depends on libpcre */ = {
    			isa = PBXTargetDependency;
    			target = 43412FFA43414B0000000058 /* libpcre */;
    			targetProxy = 43412FFA43414B0000000075 /* PBXContainerItemProxy */;
    		};
		43412FFA43414B0000000013 /* PBXTargetDependency All depends on libhttp */ = {
    			isa = PBXTargetDependency;
    			target = 43412FFA43414B000000005A /* libhttp */;
    			targetProxy = 43412FFA43414B0000000076 /* PBXContainerItemProxy */;
    		};
		43412FFA43414B0000000012 /* PBXTargetDependency All depends on libesp */ = {
    			isa = PBXTargetDependency;
    			target = 43412FFA43414B000000005C /* libesp */;
    			targetProxy = 43412FFA43414B0000000077 /* PBXContainerItemProxy */;
    		};
		43412FFA43414B0000000010 /* PBXTargetDependency All depends on espcmd */ = {
    			isa = PBXTargetDependency;
    			target = 43412FFA43414B0000000079 /* espcmd */;
    			targetProxy = 43412FFA43414B0000000078 /* PBXContainerItemProxy */;
    		};
		43412FFA43414B0000000011 /* PBXTargetDependency All depends on install-certs */ = {
    			isa = PBXTargetDependency;
    			target = 43412FFA43414B000000000A /* install-certs */;
    			targetProxy = 43412FFA43414B000000007A /* PBXContainerItemProxy */;
    		};
		43412FFA43414B0000000018 /* PBXTargetDependency All depends on watchdog */ = {
    			isa = PBXTargetDependency;
    			target = 43412FFA43414B000000007C /* watchdog */;
    			targetProxy = 43412FFA43414B000000007B /* PBXContainerItemProxy */;
    		};
/* End PBXTargetDependency section */

    /* Begin XCBuildConfiguration section */
    		43412FFA43414B0000000003 /* Debug */ = {
    			isa = XCBuildConfiguration;
    			buildSettings = {
    ME_COM_OPENSSL_PATH = "";

                    /* Common Settings */
    				ALWAYS_SEARCH_USER_PATHS = NO;
                    ONLY_ACTIVE_ARCH = YES;
                    CURRENT_PROJECT_VERSION = 5.4;
                    DYLIB_COMPATIBILITY_VERSION = "$(CURRENT_PROJECT_VERSION)";
                    DYLIB_CURRENT_VERSION = "$(CURRENT_PROJECT_VERSION)";
    				GCC_C_LANGUAGE_STANDARD = gnu99;
    				GCC_VERSION = com.apple.compilers.llvm.clang.1_0;
    				GCC_WARN_ABOUT_RETURN_TYPE = YES;
                    LD_DYLIB_INSTALL_NAME = "@rpath/$(EXECUTABLE_PATH)";
    				MACOSX_DEPLOYMENT_TARGET = 10.7;
    				SDKROOT = macosx;

                    OUT_DIR = "../build/macosx-x64-default";
                    BIN_DIR = "../build/macosx-x64-default/bin";
                    LIB_DIR = "../src";
                    INC_DIR = "../build/macosx-x64-default/inc";
                    OBJ_DIR = "../build/macosx-x64-default/obj";
                    SRC_DIR = "../src";

                    CONFIGURATION_TEMP_DIR = "$(OBJ_DIR)/esp-xcode/$(CONFIGURATION)";
                    CONFIGURATION_BUILD_DIR = "$(BIN_DIR)";
                    INSTALL_PATH = "/usr/lib/esp";
                    DSTROOT = "/tmp/esp.dst";
                    OBJROOT = "$(OBJ_DIR)";
                    SYMROOT = "$(BIN_DIR)";
    				GCC_WARN_64_TO_32_ME_CONVERSION = YES;
				GCC_WARN_64_TO_32_ME_CONVERSION = YES;
				GCC_WARN_UNUSED_VARIABLE = NO;
				GCC_WARN_UNUSED_FUNCTION = NO;
				GCC_WARN_UNUSED_LABEL = NO;
				GCC_WARN_64_TO_32_ME_CONVERSION = YES;
				GCC_WARN_64_TO_32_ME_CONVERSION = YES;
				GCC_WARN_UNUSED_VARIABLE = NO;
				GCC_WARN_UNUSED_FUNCTION = NO;
				GCC_WARN_UNUSED_LABEL = NO;

                    /* Debug Settings */
    				COPY_PHASE_STRIP = NO;
    				GCC_OPTIMIZATION_LEVEL = 0;
    				GCC_SYMBOLS_PRIVATE_EXTERN = NO;
    				HEADER_SEARCH_PATHS = (
					"../build/macosx-x64-default/inc",
					"$(inherited)"
				);
				GCC_PREPROCESSOR_DEFINITIONS = (
					"ME_DEBUG",
					"$(inherited)"
				);
				LIBRARY_SEARCH_PATHS = (
					"../build/macosx-x64-default/bin",
					"$(inherited)"
				);
				OTHER_LDFLAGS = (
					"-Wl,-rpath,@executable_path/",
					"-Wl,-rpath,@loader_path/",
					"-ldl",
					"-lpthread",
					"-lm",
					"$(inherited)"
				);

    			};
    			name = Debug;
    		};
    		43412FFA43414B0000000004 /* Release */ = {
    			isa = XCBuildConfiguration;
    			buildSettings = {
    ME_COM_OPENSSL_PATH = "";

                    /* Common Settings */
    				ALWAYS_SEARCH_USER_PATHS = NO;
                    ONLY_ACTIVE_ARCH = YES;
                    CURRENT_PROJECT_VERSION = 5.4;
                    DYLIB_COMPATIBILITY_VERSION = "$(CURRENT_PROJECT_VERSION)";
                    DYLIB_CURRENT_VERSION = "$(CURRENT_PROJECT_VERSION)";
    				GCC_C_LANGUAGE_STANDARD = gnu99;
    				GCC_VERSION = com.apple.compilers.llvm.clang.1_0;
    				GCC_WARN_ABOUT_RETURN_TYPE = YES;
                    LD_DYLIB_INSTALL_NAME = "@rpath/$(EXECUTABLE_PATH)";
    				MACOSX_DEPLOYMENT_TARGET = 10.7;
    				SDKROOT = macosx;

                    OUT_DIR = "../build/macosx-x64-default";
                    BIN_DIR = "../build/macosx-x64-default/bin";
                    LIB_DIR = "../src";
                    INC_DIR = "../build/macosx-x64-default/inc";
                    OBJ_DIR = "../build/macosx-x64-default/obj";
                    SRC_DIR = "../src";

                    CONFIGURATION_TEMP_DIR = "$(OBJ_DIR)/esp-xcode/$(CONFIGURATION)";
                    CONFIGURATION_BUILD_DIR = "$(BIN_DIR)";
                    INSTALL_PATH = "/usr/lib/esp";
                    DSTROOT = "/tmp/esp.dst";
                    OBJROOT = "$(OBJ_DIR)";
                    SYMROOT = "$(BIN_DIR)";
    				GCC_WARN_64_TO_32_ME_CONVERSION = YES;
				GCC_WARN_64_TO_32_ME_CONVERSION = YES;
				GCC_WARN_UNUSED_VARIABLE = NO;
				GCC_WARN_UNUSED_FUNCTION = NO;
				GCC_WARN_UNUSED_LABEL = NO;
				GCC_WARN_64_TO_32_ME_CONVERSION = YES;
				GCC_WARN_64_TO_32_ME_CONVERSION = YES;
				GCC_WARN_UNUSED_VARIABLE = NO;
				GCC_WARN_UNUSED_FUNCTION = NO;
				GCC_WARN_UNUSED_LABEL = NO;

                    /* Release Settings */
    				COPY_PHASE_STRIP = YES;
    				DEBUG_INFORMATION_FORMAT = "dwarf-with-dsym";
    				GCC_OPTIMIZATION_LEVEL = s;
                    GCC_WARN_UNINITIALIZED_AUTOS = NO;
    				HEADER_SEARCH_PATHS = (
					"../build/macosx-x64-default/inc",
					"$(inherited)"
				);

				LIBRARY_SEARCH_PATHS = (
					"../build/macosx-x64-default/bin",
					"$(inherited)"
				);
				OTHER_LDFLAGS = (
					"-Wl,-rpath,@executable_path/",
					"-Wl,-rpath,@loader_path/",
					"-ldl",
					"-lpthread",
					"-lm",
					"$(inherited)"
				);

    			};
    			name = Release;
    		};
		43412FFA43414B00000000C6 /* Debug */ = {
    			isa = XCBuildConfiguration;
    			buildSettings = {
    				PRODUCT_NAME = esp-compile;
    
    				GCC_PREPROCESSOR_DEFINITIONS = (
					"ME_DEBUG",
					"$(inherited)"
				);
    			};
    			name = Debug;
    		};
    		43412FFA43414B00000000C7 /* Release */ = {
    			isa = XCBuildConfiguration;
    			buildSettings = {
    				PRODUCT_NAME = esp-compile;
    
    
    			};
    			name = Release;
    		};
		43412FFA43414B00000000C8 /* Debug */ = {
    			isa = XCBuildConfiguration;
    			buildSettings = {
    				PRODUCT_NAME = esp;
    
    				HEADER_SEARCH_PATHS = (
					"$(ME_COM_OPENSSL_PATH)/include",
					"$(inherited)"
				);
				GCC_PREPROCESSOR_DEFINITIONS = (
					"ME_DEBUG",
					"$(inherited)"
				);
				LIBRARY_SEARCH_PATHS = (
					"$(ME_COM_OPENSSL_PATH)",
					"$(inherited)"
				);
				OTHER_LDFLAGS = (
					"-lpam",
					"-lmpr-openssl",
					"-lssl",
					"-lcrypto",
					"$(inherited)"
				);

    			};
    			name = Debug;
    		};
    		43412FFA43414B00000000C9 /* Release */ = {
    			isa = XCBuildConfiguration;
    			buildSettings = {
    				PRODUCT_NAME = esp;
    
    				HEADER_SEARCH_PATHS = (
					"$(ME_COM_OPENSSL_PATH)/include",
					"$(inherited)"
				);

				LIBRARY_SEARCH_PATHS = (
					"$(ME_COM_OPENSSL_PATH)",
					"$(inherited)"
				);
				OTHER_LDFLAGS = (
					"-lpam",
					"-lmpr-openssl",
					"-lssl",
					"-lcrypto",
					"$(inherited)"
				);

    			};
    			name = Release;
    		};
		43412FFA43414B00000000CA /* Debug */ = {
    			isa = XCBuildConfiguration;
    			buildSettings = {
    				PRODUCT_NAME = bin;
    
    				GCC_PREPROCESSOR_DEFINITIONS = (
					"ME_DEBUG",
					"$(inherited)"
				);
    			};
    			name = Debug;
    		};
    		43412FFA43414B00000000CB /* Release */ = {
    			isa = XCBuildConfiguration;
    			buildSettings = {
    				PRODUCT_NAME = bin;
    
    
    			};
    			name = Release;
    		};
		43412FFA43414B00000000CC /* Debug */ = {
    			isa = XCBuildConfiguration;
    			buildSettings = {
    				PRODUCT_NAME = libesp;
    
    				HEADER_SEARCH_PATHS = (
					"$(ME_COM_OPENSSL_PATH)/include",
					"$(inherited)"
				);
				GCC_PREPROCESSOR_DEFINITIONS = (
					"ME_DEBUG",
					"$(inherited)"
				);
				LIBRARY_SEARCH_PATHS = (
					"$(ME_COM_OPENSSL_PATH)",
					"$(inherited)"
				);
				OTHER_LDFLAGS = (
					"-lpam",
					"-lmpr-openssl",
					"-lssl",
					"-lcrypto",
					"$(inherited)"
				);

    			};
    			name = Debug;
    		};
    		43412FFA43414B00000000CD /* Release */ = {
    			isa = XCBuildConfiguration;
    			buildSettings = {
    				PRODUCT_NAME = libesp;
    
    				HEADER_SEARCH_PATHS = (
					"$(ME_COM_OPENSSL_PATH)/include",
					"$(inherited)"
				);

				LIBRARY_SEARCH_PATHS = (
					"$(ME_COM_OPENSSL_PATH)",
					"$(inherited)"
				);
				OTHER_LDFLAGS = (
					"-lpam",
					"-lmpr-openssl",
					"-lssl",
					"-lcrypto",
					"$(inherited)"
				);

    			};
    			name = Release;
    		};
		43412FFA43414B00000000CE /* Debug */ = {
    			isa = XCBuildConfiguration;
    			buildSettings = {
    				PRODUCT_NAME = libhttp;
    
    				HEADER_SEARCH_PATHS = (
					"$(ME_COM_OPENSSL_PATH)/include",
					"$(inherited)"
				);
				GCC_PREPROCESSOR_DEFINITIONS = (
					"ME_DEBUG",
					"$(inherited)"
				);
				LIBRARY_SEARCH_PATHS = (
					"$(ME_COM_OPENSSL_PATH)",
					"$(inherited)"
				);
				OTHER_LDFLAGS = (
					"-lpam",
					"-lmpr-openssl",
					"-lssl",
					"-lcrypto",
					"$(inherited)"
				);

    			};
    			name = Debug;
    		};
    		43412FFA43414B00000000CF /* Release */ = {
    			isa = XCBuildConfiguration;
    			buildSettings = {
    				PRODUCT_NAME = libhttp;
    
    				HEADER_SEARCH_PATHS = (
					"$(ME_COM_OPENSSL_PATH)/include",
					"$(inherited)"
				);

				LIBRARY_SEARCH_PATHS = (
					"$(ME_COM_OPENSSL_PATH)",
					"$(inherited)"
				);
				OTHER_LDFLAGS = (
					"-lpam",
					"-lmpr-openssl",
					"-lssl",
					"-lcrypto",
					"$(inherited)"
				);

    			};
    			name = Release;
    		};
		43412FFA43414B00000000D0 /* Debug */ = {
    			isa = XCBuildConfiguration;
    			buildSettings = {
    				PRODUCT_NAME = libmpr;
    
    				HEADER_SEARCH_PATHS = (
					"$(ME_COM_OPENSSL_PATH)/include",
					"$(inherited)"
				);
				GCC_PREPROCESSOR_DEFINITIONS = (
					"ME_DEBUG",
					"$(inherited)"
				);
				LIBRARY_SEARCH_PATHS = (
					"$(ME_COM_OPENSSL_PATH)",
					"$(inherited)"
				);
				OTHER_LDFLAGS = (
					"-lmpr-openssl",
					"-lssl",
					"-lcrypto",
					"$(inherited)"
				);

    			};
    			name = Debug;
    		};
    		43412FFA43414B00000000D1 /* Release */ = {
    			isa = XCBuildConfiguration;
    			buildSettings = {
    				PRODUCT_NAME = libmpr;
    
    				HEADER_SEARCH_PATHS = (
					"$(ME_COM_OPENSSL_PATH)/include",
					"$(inherited)"
				);

				LIBRARY_SEARCH_PATHS = (
					"$(ME_COM_OPENSSL_PATH)",
					"$(inherited)"
				);
				OTHER_LDFLAGS = (
					"-lmpr-openssl",
					"-lssl",
					"-lcrypto",
					"$(inherited)"
				);

    			};
    			name = Release;
    		};
		43412FFA43414B00000000D2 /* Debug */ = {
    			isa = XCBuildConfiguration;
    			buildSettings = {
    				PRODUCT_NAME = libpcre;
    
    				GCC_PREPROCESSOR_DEFINITIONS = (
					"PCRE_CHAR=char",
					"ME_DEBUG",
					"$(inherited)"
				);
    			};
    			name = Debug;
    		};
    		43412FFA43414B00000000D3 /* Release */ = {
    			isa = XCBuildConfiguration;
    			buildSettings = {
    				PRODUCT_NAME = libpcre;
    
    				GCC_PREPROCESSOR_DEFINITIONS = (
					"PCRE_CHAR=char",
					"$(inherited)"
				);
    			};
    			name = Release;
    		};
		43412FFA43414B00000000D4 /* Debug */ = {
    			isa = XCBuildConfiguration;
    			buildSettings = {
    				PRODUCT_NAME = libsql;
    
    				GCC_PREPROCESSOR_DEFINITIONS = (
					"ME_DEBUG",
					"$(inherited)"
				);
    			};
    			name = Debug;
    		};
    		43412FFA43414B00000000D5 /* Release */ = {
    			isa = XCBuildConfiguration;
    			buildSettings = {
    				PRODUCT_NAME = libsql;
    
    
    			};
    			name = Release;
    		};
		43412FFA43414B00000000D6 /* Debug */ = {
    			isa = XCBuildConfiguration;
    			buildSettings = {
    				PRODUCT_NAME = libmpr-openssl;
    				EXECUTABLE_EXTENSION = a;

    				HEADER_SEARCH_PATHS = (
					"$(ME_COM_OPENSSL_PATH)/include",
					"$(inherited)"
				);
				GCC_PREPROCESSOR_DEFINITIONS = (
					"ME_DEBUG",
					"$(inherited)"
				);
				LIBRARY_SEARCH_PATHS = (
					"$(ME_COM_OPENSSL_PATH)",
					"$(inherited)"
				);
				OTHER_LDFLAGS = (
					"",
					"",
					);

				MACH_O_TYPE = staticlib;

    			};
    			name = Debug;
    		};
    		43412FFA43414B00000000D7 /* Release */ = {
    			isa = XCBuildConfiguration;
    			buildSettings = {
    				PRODUCT_NAME = libmpr-openssl;
    				EXECUTABLE_EXTENSION = a;

    				HEADER_SEARCH_PATHS = (
					"$(ME_COM_OPENSSL_PATH)/include",
					"$(inherited)"
				);

				LIBRARY_SEARCH_PATHS = (
					"$(ME_COM_OPENSSL_PATH)",
					"$(inherited)"
				);
				OTHER_LDFLAGS = (
					"",
					"",
					);

				MACH_O_TYPE = staticlib;

    			};
    			name = Release;
    		};
		43412FFA43414B00000000D8 /* Debug */ = {
    			isa = XCBuildConfiguration;
    			buildSettings = {
    				PRODUCT_NAME = espman;
    
    				HEADER_SEARCH_PATHS = (
					"$(ME_COM_OPENSSL_PATH)/include",
					"$(inherited)"
				);
				GCC_PREPROCESSOR_DEFINITIONS = (
					"ME_DEBUG",
					"$(inherited)"
				);
				LIBRARY_SEARCH_PATHS = (
					"$(ME_COM_OPENSSL_PATH)",
					"$(inherited)"
				);
				OTHER_LDFLAGS = (
					"-lmpr-openssl",
					"-lssl",
					"-lcrypto",
					"$(inherited)"
				);

    			};
    			name = Debug;
    		};
    		43412FFA43414B00000000D9 /* Release */ = {
    			isa = XCBuildConfiguration;
    			buildSettings = {
    				PRODUCT_NAME = espman;
    
    				HEADER_SEARCH_PATHS = (
					"$(ME_COM_OPENSSL_PATH)/include",
					"$(inherited)"
				);

				LIBRARY_SEARCH_PATHS = (
					"$(ME_COM_OPENSSL_PATH)",
					"$(inherited)"
				);
				OTHER_LDFLAGS = (
					"-lmpr-openssl",
					"-lssl",
					"-lcrypto",
					"$(inherited)"
				);

    			};
    			name = Release;
    		};
		43412FFA43414B00000000DA /* Debug */ = {
    			isa = XCBuildConfiguration;
    			buildSettings = {
    				PRODUCT_NAME = All;
    
    				GCC_PREPROCESSOR_DEFINITIONS = (
					"ME_DEBUG",
					"$(inherited)"
				);
    			};
    			name = Debug;
    		};
    		43412FFA43414B00000000DB /* Release */ = {
    			isa = XCBuildConfiguration;
    			buildSettings = {
    				PRODUCT_NAME = All;
    
    
    			};
    			name = Release;
    		};
		43412FFA43414B00000000DC /* Debug */ = {
    			isa = XCBuildConfiguration;
    			buildSettings = {
    				PRODUCT_NAME = Prep;
    
    				GCC_PREPROCESSOR_DEFINITIONS = (
					"ME_DEBUG",
					"$(inherited)"
				);
    			};
    			name = Debug;
    		};
    		43412FFA43414B00000000DD /* Release */ = {
    			isa = XCBuildConfiguration;
    			buildSettings = {
    				PRODUCT_NAME = Prep;
    
    
    			};
    			name = Release;
    		};
/* End XCBuildConfiguration section */

    /* Begin XCConfigurationList section */
    		43412FFA43414B0000000002 /* Build configuration list for PBXProject "esp" */ = {
    			isa = XCConfigurationList;
    			buildConfigurations = (
    				43412FFA43414B0000000003 /* Debug */,
    				43412FFA43414B0000000004 /* Release */,
    			);
    			defaultConfigurationIsVisible = 0;
    			defaultConfigurationName = Release;
    		};
		43412FFA43414B0000000005 /* Build configuration list for PBXNativeTarget "esp-compile.json" */ = {
    			isa = XCConfigurationList;
    			buildConfigurations = (
    				43412FFA43414B00000000C6 /* Debug */,
    				43412FFA43414B00000000C7 /* Release */,
    			);
    			defaultConfigurationIsVisible = 0;
    			defaultConfigurationName = Release;
    		};
		43412FFA43414B000000009E /* Build configuration list for PBXNativeTarget "espcmd" */ = {
    			isa = XCConfigurationList;
    			buildConfigurations = (
    				43412FFA43414B00000000C8 /* Debug */,
    				43412FFA43414B00000000C9 /* Release */,
    			);
    			defaultConfigurationIsVisible = 0;
    			defaultConfigurationName = Release;
    		};
		43412FFA43414B0000000009 /* Build configuration list for PBXNativeTarget "install-certs" */ = {
    			isa = XCConfigurationList;
    			buildConfigurations = (
    				43412FFA43414B00000000CA /* Debug */,
    				43412FFA43414B00000000CB /* Release */,
    			);
    			defaultConfigurationIsVisible = 0;
    			defaultConfigurationName = Release;
    		};
		43412FFA43414B00000000A7 /* Build configuration list for PBXNativeTarget "libesp" */ = {
    			isa = XCConfigurationList;
    			buildConfigurations = (
    				43412FFA43414B00000000CC /* Debug */,
    				43412FFA43414B00000000CD /* Release */,
    			);
    			defaultConfigurationIsVisible = 0;
    			defaultConfigurationName = Release;
    		};
		43412FFA43414B00000000AF /* Build configuration list for PBXNativeTarget "libhttp" */ = {
    			isa = XCConfigurationList;
    			buildConfigurations = (
    				43412FFA43414B00000000CE /* Debug */,
    				43412FFA43414B00000000CF /* Release */,
    			);
    			defaultConfigurationIsVisible = 0;
    			defaultConfigurationName = Release;
    		};
		43412FFA43414B00000000B5 /* Build configuration list for PBXNativeTarget "libmpr" */ = {
    			isa = XCConfigurationList;
    			buildConfigurations = (
    				43412FFA43414B00000000D0 /* Debug */,
    				43412FFA43414B00000000D1 /* Release */,
    			);
    			defaultConfigurationIsVisible = 0;
    			defaultConfigurationName = Release;
    		};
		43412FFA43414B00000000B9 /* Build configuration list for PBXNativeTarget "libpcre" */ = {
    			isa = XCConfigurationList;
    			buildConfigurations = (
    				43412FFA43414B00000000D2 /* Debug */,
    				43412FFA43414B00000000D3 /* Release */,
    			);
    			defaultConfigurationIsVisible = 0;
    			defaultConfigurationName = Release;
    		};
		43412FFA43414B00000000BC /* Build configuration list for PBXNativeTarget "libsql" */ = {
    			isa = XCConfigurationList;
    			buildConfigurations = (
    				43412FFA43414B00000000D4 /* Debug */,
    				43412FFA43414B00000000D5 /* Release */,
    			);
    			defaultConfigurationIsVisible = 0;
    			defaultConfigurationName = Release;
    		};
		43412FFA43414B00000000BF /* Build configuration list for PBXNativeTarget "openssl" */ = {
    			isa = XCConfigurationList;
    			buildConfigurations = (
    				43412FFA43414B00000000D6 /* Debug */,
    				43412FFA43414B00000000D7 /* Release */,
    			);
    			defaultConfigurationIsVisible = 0;
    			defaultConfigurationName = Release;
    		};
		43412FFA43414B00000000C2 /* Build configuration list for PBXNativeTarget "watchdog" */ = {
    			isa = XCConfigurationList;
    			buildConfigurations = (
    				43412FFA43414B00000000D8 /* Debug */,
    				43412FFA43414B00000000D9 /* Release */,
    			);
    			defaultConfigurationIsVisible = 0;
    			defaultConfigurationName = Release;
    		};
		43412FFA43414B000000000D /* Build configuration list for PBXNativeTarget "All" */ = {
    			isa = XCConfigurationList;
    			buildConfigurations = (
    				43412FFA43414B00000000DA /* Debug */,
    				43412FFA43414B00000000DB /* Release */,
    			);
    			defaultConfigurationIsVisible = 0;
    			defaultConfigurationName = Release;
    		};
		43412FFA43414B000000001B /* Build configuration list for PBXNativeTarget "Prep" */ = {
    			isa = XCConfigurationList;
    			buildConfigurations = (
    				43412FFA43414B00000000DC /* Debug */,
    				43412FFA43414B00000000DD /* Release */,
    			);
    			defaultConfigurationIsVisible = 0;
    			defaultConfigurationName = Release;
    		};
/* End XCConfigurationList section */
	};
	rootObject = 43412FFA43414B0000000001 /* Project object */;
}
